PODS:
  - Alamofire (4.5.0)
  - AudioKit (3.7.1)
  - Nimble (7.0.1)
  - OHHTTPStubs (6.0.0):
    - OHHTTPStubs/Default (= 6.0.0)
  - OHHTTPStubs/Core (6.0.0)
  - OHHTTPStubs/Default (6.0.0):
    - OHHTTPStubs/Core
    - OHHTTPStubs/JSON
    - OHHTTPStubs/NSURLSession
    - OHHTTPStubs/OHPathHelpers
  - OHHTTPStubs/JSON (6.0.0):
    - OHHTTPStubs/Core
  - OHHTTPStubs/NSURLSession (6.0.0):
    - OHHTTPStubs/Core
  - OHHTTPStubs/OHPathHelpers (6.0.0)
  - OHHTTPStubs/Swift (6.0.0):
    - OHHTTPStubs/Default
  - PromiseKit (4.3.2):
    - PromiseKit/Foundation (= 4.3.2)
    - PromiseKit/QuartzCore (= 4.3.2)
    - PromiseKit/UIKit (= 4.3.2)
  - PromiseKit/CorePromise (4.3.2)
  - PromiseKit/Foundation (4.3.2):
    - PromiseKit/CorePromise
  - PromiseKit/QuartzCore (4.3.2):
    - PromiseKit/CorePromise
  - PromiseKit/UIKit (4.3.2):
    - PromiseKit/CorePromise
  - Quick (1.1.0)
  - SwiftRemoteFileCache (0.0.7):
    - Alamofire (= 4.5.0)

DEPENDENCIES:
  - Alamofire (= 4.5.0)
  - AudioKit (~> 3.7)
  - Nimble
  - OHHTTPStubs
  - OHHTTPStubs/Swift
  - PromiseKit (~> 4.0)
  - Quick
  - SwiftRemoteFileCache (from `~/code/SwiftFileCache/SwiftRemoteFileCache.podspec`)

EXTERNAL SOURCES:
  SwiftRemoteFileCache:
    :path: ~/code/SwiftFileCache/SwiftRemoteFileCache.podspec

SPEC CHECKSUMS:
  Alamofire: f28cdffd29de33a7bfa022cbd63ae95a27fae140
  AudioKit: e04d3282bf904cdf7121965edb067177c6d1c7d1
  Nimble: 657d000e11df8aebe27cdaf9d244de7f30ed87f7
  OHHTTPStubs: 752f9b11fd810a15162d50f11c06ff94f8e012eb
  PromiseKit: 32430ae679605b17c15d6193679cae7bf60147f7
  Quick: dafc587e21eed9f4cab3249b9f9015b0b7a7f71d
  SwiftRemoteFileCache: 627526791b648eb3ea1ef65b3f3e7027fc95297e

PODFILE CHECKSUM: 9c80bcc167bdaa593bc066036dab7deccfdd4add

COCOAPODS: 1.3.1
