// !$*UTF8*$!
{
	archiveVersion = 1;
	classes = {
	};
	objectVersion = 46;
	objects = {

/* Begin PBXBuildFile section */
		3C4FBEA255DD264DA208C1CD /* Pods_PlayolaCoreIOS.framework in Frameworks */ = {isa = PBXBuildFile; fileRef = E20AE50233491E153AA5BEF3 /* Pods_PlayolaCoreIOS.framework */; };
		4B1F65881F4F5829003CC78A /* PlayolaCurrentUserInfoTests.swift in Sources */ = {isa = PBXBuildFile; fileRef = 4B1F65871F4F5829003CC78A /* PlayolaCurrentUserInfoTests.swift */; };
		4B1F65891F4F5829003CC78A /* PlayolaCurrentUserInfoTests.swift in Sources */ = {isa = PBXBuildFile; fileRef = 4B1F65871F4F5829003CC78A /* PlayolaCurrentUserInfoTests.swift */; };
		4B1F658B1F508203003CC78A /* CommercialBlockProviderTests.swift in Sources */ = {isa = PBXBuildFile; fileRef = 4B1F658A1F508203003CC78A /* CommercialBlockProviderTests.swift */; };
		4B1F658C1F508203003CC78A /* CommercialBlockProviderTests.swift in Sources */ = {isa = PBXBuildFile; fileRef = 4B1F658A1F508203003CC78A /* CommercialBlockProviderTests.swift */; };
		4B1F658E1F5202F2003CC78A /* PlayolaModelRefreshHandler.swift in Sources */ = {isa = PBXBuildFile; fileRef = 4B1F658D1F5202F2003CC78A /* PlayolaModelRefreshHandler.swift */; };
		4B1F658F1F5202F2003CC78A /* PlayolaModelRefreshHandler.swift in Sources */ = {isa = PBXBuildFile; fileRef = 4B1F658D1F5202F2003CC78A /* PlayolaModelRefreshHandler.swift */; };
		4B1F65901F5202F2003CC78A /* PlayolaModelRefreshHandler.swift in Sources */ = {isa = PBXBuildFile; fileRef = 4B1F658D1F5202F2003CC78A /* PlayolaModelRefreshHandler.swift */; };
		4B1F65911F5202F2003CC78A /* PlayolaModelRefreshHandler.swift in Sources */ = {isa = PBXBuildFile; fileRef = 4B1F658D1F5202F2003CC78A /* PlayolaModelRefreshHandler.swift */; };
		4B1F65941F52031B003CC78A /* PlayolaModelRefreshHandlerTests.swift in Sources */ = {isa = PBXBuildFile; fileRef = 4B1F65931F52031B003CC78A /* PlayolaModelRefreshHandlerTests.swift */; };
		4B1F65951F52031B003CC78A /* PlayolaModelRefreshHandlerTests.swift in Sources */ = {isa = PBXBuildFile; fileRef = 4B1F65931F52031B003CC78A /* PlayolaModelRefreshHandlerTests.swift */; };
		4B1F65971F5203D2003CC78A /* PlayolaAPIMock.swift in Sources */ = {isa = PBXBuildFile; fileRef = 4B1F65961F5203D2003CC78A /* PlayolaAPIMock.swift */; };
		4B1F65981F5203D2003CC78A /* PlayolaAPIMock.swift in Sources */ = {isa = PBXBuildFile; fileRef = 4B1F65961F5203D2003CC78A /* PlayolaAPIMock.swift */; };
		4B1F659A1F520AA1003CC78A /* MiscHelpers.swift in Sources */ = {isa = PBXBuildFile; fileRef = 4B1F65991F520AA1003CC78A /* MiscHelpers.swift */; };
		4B1F659B1F520AA1003CC78A /* MiscHelpers.swift in Sources */ = {isa = PBXBuildFile; fileRef = 4B1F65991F520AA1003CC78A /* MiscHelpers.swift */; };
		4B1F659C1F520AA1003CC78A /* MiscHelpers.swift in Sources */ = {isa = PBXBuildFile; fileRef = 4B1F65991F520AA1003CC78A /* MiscHelpers.swift */; };
		4B1F659D1F520AA1003CC78A /* MiscHelpers.swift in Sources */ = {isa = PBXBuildFile; fileRef = 4B1F65991F520AA1003CC78A /* MiscHelpers.swift */; };
		4B1F659F1F521022003CC78A /* PlayolaProgramRefresher.swift in Sources */ = {isa = PBXBuildFile; fileRef = 4B1F659E1F521022003CC78A /* PlayolaProgramRefresher.swift */; };
		4B1F65A01F521022003CC78A /* PlayolaProgramRefresher.swift in Sources */ = {isa = PBXBuildFile; fileRef = 4B1F659E1F521022003CC78A /* PlayolaProgramRefresher.swift */; };
		4B1F65A11F521022003CC78A /* PlayolaProgramRefresher.swift in Sources */ = {isa = PBXBuildFile; fileRef = 4B1F659E1F521022003CC78A /* PlayolaProgramRefresher.swift */; };
		4B1F65A21F521022003CC78A /* PlayolaProgramRefresher.swift in Sources */ = {isa = PBXBuildFile; fileRef = 4B1F659E1F521022003CC78A /* PlayolaProgramRefresher.swift */; };
		4B1F65A41F52104C003CC78A /* PlayolaProgramRefresherTests.swift in Sources */ = {isa = PBXBuildFile; fileRef = 4B1F65A31F52104C003CC78A /* PlayolaProgramRefresherTests.swift */; };
		4B1F65A51F52104C003CC78A /* PlayolaProgramRefresherTests.swift in Sources */ = {isa = PBXBuildFile; fileRef = 4B1F65A31F52104C003CC78A /* PlayolaProgramRefresherTests.swift */; };
		4B361B8B1F44663D00654968 /* PlayolaCoreIOS.framework in Frameworks */ = {isa = PBXBuildFile; fileRef = 4B361B821F44663D00654968 /* PlayolaCoreIOS.framework */; };
		4B361B921F44663D00654968 /* PlayolaCoreIOS.h in Headers */ = {isa = PBXBuildFile; fileRef = 4B361B841F44663D00654968 /* PlayolaCoreIOS.h */; settings = {ATTRIBUTES = (Public, ); }; };
		4B361BA71F44664B00654968 /* PlayolaCoreOSX.framework in Frameworks */ = {isa = PBXBuildFile; fileRef = 4B361B9E1F44664B00654968 /* PlayolaCoreOSX.framework */; };
		4B361BAE1F44664B00654968 /* PlayolaCoreOSX.h in Headers */ = {isa = PBXBuildFile; fileRef = 4B361BA01F44664B00654968 /* PlayolaCoreOSX.h */; settings = {ATTRIBUTES = (Public, ); }; };
		4B361BF41F44AF1700654968 /* PlayolaAPI.swift in Sources */ = {isa = PBXBuildFile; fileRef = 4B361BF31F44AF1700654968 /* PlayolaAPI.swift */; };
		4B361BF51F44AF1700654968 /* PlayolaAPI.swift in Sources */ = {isa = PBXBuildFile; fileRef = 4B361BF31F44AF1700654968 /* PlayolaAPI.swift */; };
		4B361BF61F44AF1700654968 /* PlayolaAPI.swift in Sources */ = {isa = PBXBuildFile; fileRef = 4B361BF31F44AF1700654968 /* PlayolaAPI.swift */; };
		4B361BF71F44AF1700654968 /* PlayolaAPI.swift in Sources */ = {isa = PBXBuildFile; fileRef = 4B361BF31F44AF1700654968 /* PlayolaAPI.swift */; };
		4B361BFD1F44B2C200654968 /* UserModel.swift in Sources */ = {isa = PBXBuildFile; fileRef = 4B361BFC1F44B2C200654968 /* UserModel.swift */; };
		4B361BFE1F44B2DA00654968 /* UserModel.swift in Sources */ = {isa = PBXBuildFile; fileRef = 4B361BFC1F44B2C200654968 /* UserModel.swift */; };
		4B361BFF1F44B2DA00654968 /* UserModel.swift in Sources */ = {isa = PBXBuildFile; fileRef = 4B361BFC1F44B2C200654968 /* UserModel.swift */; };
		4B361C001F44B2DB00654968 /* UserModel.swift in Sources */ = {isa = PBXBuildFile; fileRef = 4B361BFC1F44B2C200654968 /* UserModel.swift */; };
		4B361C041F44B44A00654968 /* UserModelTests.swift in Sources */ = {isa = PBXBuildFile; fileRef = 4B361C021F44B44A00654968 /* UserModelTests.swift */; };
		4B361C061F44B44A00654968 /* UserModelTests.swift in Sources */ = {isa = PBXBuildFile; fileRef = 4B361C021F44B44A00654968 /* UserModelTests.swift */; };
		4B361C071F44B48100654968 /* PlayolaAPITests.swift in Sources */ = {isa = PBXBuildFile; fileRef = 4B361BF81F44B0FF00654968 /* PlayolaAPITests.swift */; };
		4B361C081F44B48200654968 /* PlayolaAPITests.swift in Sources */ = {isa = PBXBuildFile; fileRef = 4B361BF81F44B0FF00654968 /* PlayolaAPITests.swift */; };
		4B361C0A1F44B51800654968 /* ProgramModel.swift in Sources */ = {isa = PBXBuildFile; fileRef = 4B361C091F44B51800654968 /* ProgramModel.swift */; };
		4B361C0B1F44B51800654968 /* ProgramModel.swift in Sources */ = {isa = PBXBuildFile; fileRef = 4B361C091F44B51800654968 /* ProgramModel.swift */; };
		4B361C0C1F44B51800654968 /* ProgramModel.swift in Sources */ = {isa = PBXBuildFile; fileRef = 4B361C091F44B51800654968 /* ProgramModel.swift */; };
		4B361C0D1F44B51800654968 /* ProgramModel.swift in Sources */ = {isa = PBXBuildFile; fileRef = 4B361C091F44B51800654968 /* ProgramModel.swift */; };
		4B361C0F1F44B54E00654968 /* SpinModel.swift in Sources */ = {isa = PBXBuildFile; fileRef = 4B361C0E1F44B54E00654968 /* SpinModel.swift */; };
		4B361C101F44B54E00654968 /* SpinModel.swift in Sources */ = {isa = PBXBuildFile; fileRef = 4B361C0E1F44B54E00654968 /* SpinModel.swift */; };
		4B361C111F44B54E00654968 /* SpinModel.swift in Sources */ = {isa = PBXBuildFile; fileRef = 4B361C0E1F44B54E00654968 /* SpinModel.swift */; };
		4B361C121F44B54E00654968 /* SpinModel.swift in Sources */ = {isa = PBXBuildFile; fileRef = 4B361C0E1F44B54E00654968 /* SpinModel.swift */; };
		4B361C211F44B69C00654968 /* ProgramModelTests.swift in Sources */ = {isa = PBXBuildFile; fileRef = 4B361C1F1F44B69C00654968 /* ProgramModelTests.swift */; };
		4B361C221F44B69C00654968 /* ProgramModelTests.swift in Sources */ = {isa = PBXBuildFile; fileRef = 4B361C1F1F44B69C00654968 /* ProgramModelTests.swift */; };
		4B361C231F44B69C00654968 /* SpinModelTests.swift in Sources */ = {isa = PBXBuildFile; fileRef = 4B361C201F44B69C00654968 /* SpinModelTests.swift */; };
		4B361C241F44B69C00654968 /* SpinModelTests.swift in Sources */ = {isa = PBXBuildFile; fileRef = 4B361C201F44B69C00654968 /* SpinModelTests.swift */; };
		4B361C251F44B6B800654968 /* AudioBlockModel.swift in Sources */ = {isa = PBXBuildFile; fileRef = 4B361C191F44B62400654968 /* AudioBlockModel.swift */; };
		4B361C261F44B6B900654968 /* AudioBlockModel.swift in Sources */ = {isa = PBXBuildFile; fileRef = 4B361C191F44B62400654968 /* AudioBlockModel.swift */; };
		4B361C271F44B6BA00654968 /* AudioBlockModel.swift in Sources */ = {isa = PBXBuildFile; fileRef = 4B361C191F44B62400654968 /* AudioBlockModel.swift */; };
		4B361C281F44B6BB00654968 /* AudioBlockModel.swift in Sources */ = {isa = PBXBuildFile; fileRef = 4B361C191F44B62400654968 /* AudioBlockModel.swift */; };
		4B361C301F44B91E00654968 /* AudioBlockModelTests.swift in Sources */ = {isa = PBXBuildFile; fileRef = 4B361C2F1F44B91E00654968 /* AudioBlockModelTests.swift */; };
		4B361C311F44B91E00654968 /* AudioBlockModelTests.swift in Sources */ = {isa = PBXBuildFile; fileRef = 4B361C2F1F44B91E00654968 /* AudioBlockModelTests.swift */; };
		4B361C341F44BAA300654968 /* DateExtensions.swift in Sources */ = {isa = PBXBuildFile; fileRef = 4B361C331F44BAA300654968 /* DateExtensions.swift */; };
		4B361C351F44BAA600654968 /* DateExtensions.swift in Sources */ = {isa = PBXBuildFile; fileRef = 4B361C331F44BAA300654968 /* DateExtensions.swift */; };
		4B361C361F44BAA600654968 /* DateExtensions.swift in Sources */ = {isa = PBXBuildFile; fileRef = 4B361C331F44BAA300654968 /* DateExtensions.swift */; };
		4B361C371F44BAA700654968 /* DateExtensions.swift in Sources */ = {isa = PBXBuildFile; fileRef = 4B361C331F44BAA300654968 /* DateExtensions.swift */; };
		4B361C3B1F44BCC800654968 /* DateHandlerService.swift in Sources */ = {isa = PBXBuildFile; fileRef = 4B361C3A1F44BCC800654968 /* DateHandlerService.swift */; };
		4B361C3C1F44BCC800654968 /* DateHandlerService.swift in Sources */ = {isa = PBXBuildFile; fileRef = 4B361C3A1F44BCC800654968 /* DateHandlerService.swift */; };
		4B361C3D1F44BCC800654968 /* DateHandlerService.swift in Sources */ = {isa = PBXBuildFile; fileRef = 4B361C3A1F44BCC800654968 /* DateHandlerService.swift */; };
		4B361C3E1F44BCC800654968 /* DateHandlerService.swift in Sources */ = {isa = PBXBuildFile; fileRef = 4B361C3A1F44BCC800654968 /* DateHandlerService.swift */; };
		4B361C401F44BD1C00654968 /* Constants.swift in Sources */ = {isa = PBXBuildFile; fileRef = 4B361C3F1F44BD1C00654968 /* Constants.swift */; };
		4B361C411F44BD1C00654968 /* Constants.swift in Sources */ = {isa = PBXBuildFile; fileRef = 4B361C3F1F44BD1C00654968 /* Constants.swift */; };
		4B361C421F44BD1C00654968 /* Constants.swift in Sources */ = {isa = PBXBuildFile; fileRef = 4B361C3F1F44BD1C00654968 /* Constants.swift */; };
		4B361C431F44BD1C00654968 /* Constants.swift in Sources */ = {isa = PBXBuildFile; fileRef = 4B361C3F1F44BD1C00654968 /* Constants.swift */; };
		4B361C561F44C72900654968 /* UserListModel.swift in Sources */ = {isa = PBXBuildFile; fileRef = 4B361C541F44C72900654968 /* UserListModel.swift */; };
		4B361C581F44C72900654968 /* UserListModel.swift in Sources */ = {isa = PBXBuildFile; fileRef = 4B361C541F44C72900654968 /* UserListModel.swift */; };
		4B361C5D1F44C86300654968 /* RotationItemsCollection.swift in Sources */ = {isa = PBXBuildFile; fileRef = 4B361C5C1F44C86300654968 /* RotationItemsCollection.swift */; };
		4B361C5E1F44C86300654968 /* RotationItemsCollection.swift in Sources */ = {isa = PBXBuildFile; fileRef = 4B361C5C1F44C86300654968 /* RotationItemsCollection.swift */; };
		4B361C5F1F44C86300654968 /* RotationItemsCollection.swift in Sources */ = {isa = PBXBuildFile; fileRef = 4B361C5C1F44C86300654968 /* RotationItemsCollection.swift */; };
		4B361C601F44C86300654968 /* RotationItemsCollection.swift in Sources */ = {isa = PBXBuildFile; fileRef = 4B361C5C1F44C86300654968 /* RotationItemsCollection.swift */; };
		4B361C651F44C8D600654968 /* RotationItemsCollectionTests.swift in Sources */ = {isa = PBXBuildFile; fileRef = 4B361C641F44C8D600654968 /* RotationItemsCollectionTests.swift */; };
		4B361C661F44C8D600654968 /* RotationItemsCollectionTests.swift in Sources */ = {isa = PBXBuildFile; fileRef = 4B361C641F44C8D600654968 /* RotationItemsCollectionTests.swift */; };
		4B361C681F44C91E00654968 /* RotationItem.swift in Sources */ = {isa = PBXBuildFile; fileRef = 4B361C671F44C91E00654968 /* RotationItem.swift */; };
		4B361C691F44C91E00654968 /* RotationItem.swift in Sources */ = {isa = PBXBuildFile; fileRef = 4B361C671F44C91E00654968 /* RotationItem.swift */; };
		4B361C6A1F44C97B00654968 /* RotationItem.swift in Sources */ = {isa = PBXBuildFile; fileRef = 4B361C671F44C91E00654968 /* RotationItem.swift */; };
		4B361C6B1F44C97B00654968 /* RotationItem.swift in Sources */ = {isa = PBXBuildFile; fileRef = 4B361C671F44C91E00654968 /* RotationItem.swift */; };
		4B361C6E1F44D58400654968 /* DataMocker.swift in Sources */ = {isa = PBXBuildFile; fileRef = 4B361C6D1F44D58400654968 /* DataMocker.swift */; };
		4B361C6F1F44D58400654968 /* DataMocker.swift in Sources */ = {isa = PBXBuildFile; fileRef = 4B361C6D1F44D58400654968 /* DataMocker.swift */; };
		4B361C751F45CEF200654968 /* getUserSuccess.json in Resources */ = {isa = PBXBuildFile; fileRef = 4B361C731F45CC7100654968 /* getUserSuccess.json */; };
		4B361C761F45CEF300654968 /* getUserSuccess.json in Resources */ = {isa = PBXBuildFile; fileRef = 4B361C731F45CC7100654968 /* getUserSuccess.json */; };
		4B361C771F45DA6D00654968 /* getUserSuccess.json in Resources */ = {isa = PBXBuildFile; fileRef = 4B361C731F45CC7100654968 /* getUserSuccess.json */; };
		4B361C781F45DA6E00654968 /* getUserSuccess.json in Resources */ = {isa = PBXBuildFile; fileRef = 4B361C731F45CC7100654968 /* getUserSuccess.json */; };
		4B9358951F47788A0038C327 /* userSearchResultsSuccess.json in Resources */ = {isa = PBXBuildFile; fileRef = 4B9358941F47788A0038C327 /* userSearchResultsSuccess.json */; };
		4B9358961F47788A0038C327 /* userSearchResultsSuccess.json in Resources */ = {isa = PBXBuildFile; fileRef = 4B9358941F47788A0038C327 /* userSearchResultsSuccess.json */; };
		4B93589B1F488D0F0038C327 /* DateHandlerMock.swift in Sources */ = {isa = PBXBuildFile; fileRef = 4B93589A1F488D0F0038C327 /* DateHandlerMock.swift */; };
		4B93589C1F488D0F0038C327 /* DateHandlerMock.swift in Sources */ = {isa = PBXBuildFile; fileRef = 4B93589A1F488D0F0038C327 /* DateHandlerMock.swift */; };
		4B93592F1F48D26B0038C327 /* PlayolaAudioPlayer.swift in Sources */ = {isa = PBXBuildFile; fileRef = 4B93592E1F48D26B0038C327 /* PlayolaAudioPlayer.swift */; };
		4B9359301F48D26B0038C327 /* PlayolaAudioPlayer.swift in Sources */ = {isa = PBXBuildFile; fileRef = 4B93592E1F48D26B0038C327 /* PlayolaAudioPlayer.swift */; };
		4B9359311F48D26B0038C327 /* PlayolaAudioPlayer.swift in Sources */ = {isa = PBXBuildFile; fileRef = 4B93592E1F48D26B0038C327 /* PlayolaAudioPlayer.swift */; };
		4B9359321F48D26B0038C327 /* PlayolaAudioPlayer.swift in Sources */ = {isa = PBXBuildFile; fileRef = 4B93592E1F48D26B0038C327 /* PlayolaAudioPlayer.swift */; };
		4B9359341F48D3130038C327 /* PAPSpin.swift in Sources */ = {isa = PBXBuildFile; fileRef = 4B9359331F48D3120038C327 /* PAPSpin.swift */; };
		4B9359351F48D3130038C327 /* PAPSpin.swift in Sources */ = {isa = PBXBuildFile; fileRef = 4B9359331F48D3120038C327 /* PAPSpin.swift */; };
		4B9359361F48D3130038C327 /* PAPSpin.swift in Sources */ = {isa = PBXBuildFile; fileRef = 4B9359331F48D3120038C327 /* PAPSpin.swift */; };
		4B9359371F48D3130038C327 /* PAPSpin.swift in Sources */ = {isa = PBXBuildFile; fileRef = 4B9359331F48D3120038C327 /* PAPSpin.swift */; };
		4B93593A1F48D4750038C327 /* PlayolaAudioPlayerTests.swift in Sources */ = {isa = PBXBuildFile; fileRef = 4B9359391F48D4750038C327 /* PlayolaAudioPlayerTests.swift */; };
		4B93593B1F48D4750038C327 /* PlayolaAudioPlayerTests.swift in Sources */ = {isa = PBXBuildFile; fileRef = 4B9359391F48D4750038C327 /* PlayolaAudioPlayerTests.swift */; };
		4BC0B9C61F55E5A200C0AED3 /* PlayolaProgramAutoAdvancer.swift in Sources */ = {isa = PBXBuildFile; fileRef = 4BC0B9C51F55E5A100C0AED3 /* PlayolaProgramAutoAdvancer.swift */; };
		4BC0B9C71F55E5A200C0AED3 /* PlayolaProgramAutoAdvancer.swift in Sources */ = {isa = PBXBuildFile; fileRef = 4BC0B9C51F55E5A100C0AED3 /* PlayolaProgramAutoAdvancer.swift */; };
		4BC0B9C81F55E5A200C0AED3 /* PlayolaProgramAutoAdvancer.swift in Sources */ = {isa = PBXBuildFile; fileRef = 4BC0B9C51F55E5A100C0AED3 /* PlayolaProgramAutoAdvancer.swift */; };
		4BC0B9C91F55E5A200C0AED3 /* PlayolaProgramAutoAdvancer.swift in Sources */ = {isa = PBXBuildFile; fileRef = 4BC0B9C51F55E5A100C0AED3 /* PlayolaProgramAutoAdvancer.swift */; };
		4BC0B9CB1F55E5D100C0AED3 /* PlayolaProgramAutoAdvancerTests.swift in Sources */ = {isa = PBXBuildFile; fileRef = 4BC0B9CA1F55E5D100C0AED3 /* PlayolaProgramAutoAdvancerTests.swift */; };
		4BC0B9CC1F55E5D100C0AED3 /* PlayolaProgramAutoAdvancerTests.swift in Sources */ = {isa = PBXBuildFile; fileRef = 4BC0B9CA1F55E5D100C0AED3 /* PlayolaProgramAutoAdvancerTests.swift */; };
		4BC1C3021F48E62A00B7415C /* PAPEvents.swift in Sources */ = {isa = PBXBuildFile; fileRef = 4BC1C3011F48E62A00B7415C /* PAPEvents.swift */; };
		4BC1C3031F48E62A00B7415C /* PAPEvents.swift in Sources */ = {isa = PBXBuildFile; fileRef = 4BC1C3011F48E62A00B7415C /* PAPEvents.swift */; };
		4BC1C3041F48E62A00B7415C /* PAPEvents.swift in Sources */ = {isa = PBXBuildFile; fileRef = 4BC1C3011F48E62A00B7415C /* PAPEvents.swift */; };
		4BC1C3051F48E62A00B7415C /* PAPEvents.swift in Sources */ = {isa = PBXBuildFile; fileRef = 4BC1C3011F48E62A00B7415C /* PAPEvents.swift */; };
		4BC1C3081F48F4A000B7415C /* UserListModelTests.swift in Sources */ = {isa = PBXBuildFile; fileRef = 4BC1C3061F48F4A000B7415C /* UserListModelTests.swift */; };
		4BC1C30A1F48F4A000B7415C /* UserListModelTests.swift in Sources */ = {isa = PBXBuildFile; fileRef = 4BC1C3061F48F4A000B7415C /* UserListModelTests.swift */; };
		4BC1C30C1F4A1D7000B7415C /* PlayolaStationPlayer.swift in Sources */ = {isa = PBXBuildFile; fileRef = 4BC1C30B1F4A1D7000B7415C /* PlayolaStationPlayer.swift */; };
		4BC1C30D1F4A1D7000B7415C /* PlayolaStationPlayer.swift in Sources */ = {isa = PBXBuildFile; fileRef = 4BC1C30B1F4A1D7000B7415C /* PlayolaStationPlayer.swift */; };
		4BC1C30E1F4A1D7000B7415C /* PlayolaStationPlayer.swift in Sources */ = {isa = PBXBuildFile; fileRef = 4BC1C30B1F4A1D7000B7415C /* PlayolaStationPlayer.swift */; };
		4BC1C30F1F4A1D7000B7415C /* PlayolaStationPlayer.swift in Sources */ = {isa = PBXBuildFile; fileRef = 4BC1C30B1F4A1D7000B7415C /* PlayolaStationPlayer.swift */; };
		4BC1C3111F4A214300B7415C /* PlayolaStationPlayerTests.swift in Sources */ = {isa = PBXBuildFile; fileRef = 4BC1C3101F4A214300B7415C /* PlayolaStationPlayerTests.swift */; };
		4BC1C3121F4A214300B7415C /* PlayolaStationPlayerTests.swift in Sources */ = {isa = PBXBuildFile; fileRef = 4BC1C3101F4A214300B7415C /* PlayolaStationPlayerTests.swift */; };
		4BC1C3141F4A2ADA00B7415C /* PlayolaAudioPlayerMock.swift in Sources */ = {isa = PBXBuildFile; fileRef = 4BC1C3131F4A2ADA00B7415C /* PlayolaAudioPlayerMock.swift */; };
		4BC1C3151F4A2ADA00B7415C /* PlayolaAudioPlayerMock.swift in Sources */ = {isa = PBXBuildFile; fileRef = 4BC1C3131F4A2ADA00B7415C /* PlayolaAudioPlayerMock.swift */; };
		4BC1C31A1F4A35F500B7415C /* PAPSpinMock.swift in Sources */ = {isa = PBXBuildFile; fileRef = 4BC1C3191F4A35F500B7415C /* PAPSpinMock.swift */; };
		4BC1C31B1F4A35F500B7415C /* PAPSpinMock.swift in Sources */ = {isa = PBXBuildFile; fileRef = 4BC1C3191F4A35F500B7415C /* PAPSpinMock.swift */; };
		4BC1C31D1F4A44C700B7415C /* PlayolaStationPlayerEvents.swift in Sources */ = {isa = PBXBuildFile; fileRef = 4BC1C31C1F4A44C700B7415C /* PlayolaStationPlayerEvents.swift */; };
		4BC1C31E1F4A44C700B7415C /* PlayolaStationPlayerEvents.swift in Sources */ = {isa = PBXBuildFile; fileRef = 4BC1C31C1F4A44C700B7415C /* PlayolaStationPlayerEvents.swift */; };
		4BC1C31F1F4A44C700B7415C /* PlayolaStationPlayerEvents.swift in Sources */ = {isa = PBXBuildFile; fileRef = 4BC1C31C1F4A44C700B7415C /* PlayolaStationPlayerEvents.swift */; };
		4BC1C3201F4A44C700B7415C /* PlayolaStationPlayerEvents.swift in Sources */ = {isa = PBXBuildFile; fileRef = 4BC1C31C1F4A44C700B7415C /* PlayolaStationPlayerEvents.swift */; };
		4BE006F11F460E3F0010C420 /* 404.json in Resources */ = {isa = PBXBuildFile; fileRef = 4BE006F01F460E3F0010C420 /* 404.json */; };
		4BE006F21F460E3F0010C420 /* 404.json in Resources */ = {isa = PBXBuildFile; fileRef = 4BE006F01F460E3F0010C420 /* 404.json */; };
		4BE006FF1F472CDE0010C420 /* getActiveSessionsCountSuccess.json in Resources */ = {isa = PBXBuildFile; fileRef = 4BE006FC1F472CDE0010C420 /* getActiveSessionsCountSuccess.json */; };
		4BE007001F472CDE0010C420 /* getActiveSessionsCountSuccess.json in Resources */ = {isa = PBXBuildFile; fileRef = 4BE006FC1F472CDE0010C420 /* getActiveSessionsCountSuccess.json */; };
		4BE007011F472CDE0010C420 /* getPresetsSuccess.json in Resources */ = {isa = PBXBuildFile; fileRef = 4BE006FD1F472CDE0010C420 /* getPresetsSuccess.json */; };
		4BE007021F472CDE0010C420 /* getPresetsSuccess.json in Resources */ = {isa = PBXBuildFile; fileRef = 4BE006FD1F472CDE0010C420 /* getPresetsSuccess.json */; };
		4BE007031F472CDE0010C420 /* getUserRotationItemsSuccess.json in Resources */ = {isa = PBXBuildFile; fileRef = 4BE006FE1F472CDE0010C420 /* getUserRotationItemsSuccess.json */; };
		4BE007041F472CDE0010C420 /* getUserRotationItemsSuccess.json in Resources */ = {isa = PBXBuildFile; fileRef = 4BE006FE1F472CDE0010C420 /* getUserRotationItemsSuccess.json */; };
		4BE007061F47326D0010C420 /* getTopUsersSuccess.json in Resources */ = {isa = PBXBuildFile; fileRef = 4BE007051F47326D0010C420 /* getTopUsersSuccess.json */; };
		4BE007071F47326D0010C420 /* getTopUsersSuccess.json in Resources */ = {isa = PBXBuildFile; fileRef = 4BE007051F47326D0010C420 /* getTopUsersSuccess.json */; };
		4BE007091F473BEB0010C420 /* updateUserSuccess.json in Resources */ = {isa = PBXBuildFile; fileRef = 4BE007081F473BEB0010C420 /* updateUserSuccess.json */; };
		4BE0070A1F473BEB0010C420 /* updateUserSuccess.json in Resources */ = {isa = PBXBuildFile; fileRef = 4BE007081F473BEB0010C420 /* updateUserSuccess.json */; };
		4BE0070C1F47517F0010C420 /* 422.json in Resources */ = {isa = PBXBuildFile; fileRef = 4BE0070B1F47517F0010C420 /* 422.json */; };
		4BE0070D1F47517F0010C420 /* 422.json in Resources */ = {isa = PBXBuildFile; fileRef = 4BE0070B1F47517F0010C420 /* 422.json */; };
		4BE0070E1F4756450010C420 /* AuthError.swift in Sources */ = {isa = PBXBuildFile; fileRef = 4B361C7A1F45E20A00654968 /* AuthError.swift */; };
		4BE0070F1F4756460010C420 /* AuthError.swift in Sources */ = {isa = PBXBuildFile; fileRef = 4B361C7A1F45E20A00654968 /* AuthError.swift */; };
		4BE007101F4756460010C420 /* AuthError.swift in Sources */ = {isa = PBXBuildFile; fileRef = 4B361C7A1F45E20A00654968 /* AuthError.swift */; };
		4BE007111F4756470010C420 /* AuthError.swift in Sources */ = {isa = PBXBuildFile; fileRef = 4B361C7A1F45E20A00654968 /* AuthError.swift */; };
		4BE007141F4757E40010C420 /* AuthErrorTests.swift in Sources */ = {isa = PBXBuildFile; fileRef = 4BE007131F4757E40010C420 /* AuthErrorTests.swift */; };
		4BE007151F4757E40010C420 /* AuthErrorTests.swift in Sources */ = {isa = PBXBuildFile; fileRef = 4BE007131F4757E40010C420 /* AuthErrorTests.swift */; };
		4BE0071A1F4769680010C420 /* AuthErrorType.swift in Sources */ = {isa = PBXBuildFile; fileRef = 4BE007191F4769680010C420 /* AuthErrorType.swift */; };
		4BE0071B1F4769680010C420 /* AuthErrorType.swift in Sources */ = {isa = PBXBuildFile; fileRef = 4BE007191F4769680010C420 /* AuthErrorType.swift */; };
		4BE0071C1F4769AA0010C420 /* AuthErrorType.swift in Sources */ = {isa = PBXBuildFile; fileRef = 4BE007191F4769680010C420 /* AuthErrorType.swift */; };
		4BE0071D1F4769AB0010C420 /* AuthErrorType.swift in Sources */ = {isa = PBXBuildFile; fileRef = 4BE007191F4769680010C420 /* AuthErrorType.swift */; };
		4BED3C131F4E2675008DD9BD /* CommercialBlockProvider.swift in Sources */ = {isa = PBXBuildFile; fileRef = 4BED3C121F4E2675008DD9BD /* CommercialBlockProvider.swift */; };
		4BED3C141F4E2675008DD9BD /* CommercialBlockProvider.swift in Sources */ = {isa = PBXBuildFile; fileRef = 4BED3C121F4E2675008DD9BD /* CommercialBlockProvider.swift */; };
		4BED3C151F4E2675008DD9BD /* CommercialBlockProvider.swift in Sources */ = {isa = PBXBuildFile; fileRef = 4BED3C121F4E2675008DD9BD /* CommercialBlockProvider.swift */; };
		4BED3C161F4E2675008DD9BD /* CommercialBlockProvider.swift in Sources */ = {isa = PBXBuildFile; fileRef = 4BED3C121F4E2675008DD9BD /* CommercialBlockProvider.swift */; };
		4BED3C191F4F1E72008DD9BD /* PlayolaCurrentUserInfoService.swift in Sources */ = {isa = PBXBuildFile; fileRef = 4BED3C181F4F1E72008DD9BD /* PlayolaCurrentUserInfoService.swift */; };
		4BED3C1A1F4F1E72008DD9BD /* PlayolaCurrentUserInfoService.swift in Sources */ = {isa = PBXBuildFile; fileRef = 4BED3C181F4F1E72008DD9BD /* PlayolaCurrentUserInfoService.swift */; };
		4BED3C1B1F4F1E72008DD9BD /* PlayolaCurrentUserInfoService.swift in Sources */ = {isa = PBXBuildFile; fileRef = 4BED3C181F4F1E72008DD9BD /* PlayolaCurrentUserInfoService.swift */; };
		4BED3C1C1F4F1E72008DD9BD /* PlayolaCurrentUserInfoService.swift in Sources */ = {isa = PBXBuildFile; fileRef = 4BED3C181F4F1E72008DD9BD /* PlayolaCurrentUserInfoService.swift */; };
		4EEAE5CA594C900961F8B9C0 /* Pods_PlayolaCoreIOSTests.framework in Frameworks */ = {isa = PBXBuildFile; fileRef = 8D88574362D551E0EF87768D /* Pods_PlayolaCoreIOSTests.framework */; };
		8B352D8458875151EA3B6427 /* Pods_PlayolaCoreOSXTests.framework in Frameworks */ = {isa = PBXBuildFile; fileRef = CBF8A2938A12447E667A706A /* Pods_PlayolaCoreOSXTests.framework */; };
		B6D0F5334A0405DA04A87671 /* Pods_PlayolaCoreOSX.framework in Frameworks */ = {isa = PBXBuildFile; fileRef = EDEA962412E4A08CA23B8F88 /* Pods_PlayolaCoreOSX.framework */; };
/* End PBXBuildFile section */

/* Begin PBXContainerItemProxy section */
		4B361B8C1F44663D00654968 /* PBXContainerItemProxy */ = {
			isa = PBXContainerItemProxy;
			containerPortal = 4B361B5A1F44661A00654968 /* Project object */;
			proxyType = 1;
			remoteGlobalIDString = 4B361B811F44663D00654968;
			remoteInfo = PlayolaCoreIOS;
		};
		4B361BA81F44664B00654968 /* PBXContainerItemProxy */ = {
			isa = PBXContainerItemProxy;
			containerPortal = 4B361B5A1F44661A00654968 /* Project object */;
			proxyType = 1;
			remoteGlobalIDString = 4B361B9D1F44664B00654968;
			remoteInfo = PlayolaCoreOSX;
		};
/* End PBXContainerItemProxy section */

/* Begin PBXFileReference section */
		012DB980C9EC63C62555145D /* Pods-PlayolaCoreIOSTests.release.xcconfig */ = {isa = PBXFileReference; includeInIndex = 1; lastKnownFileType = text.xcconfig; name = "Pods-PlayolaCoreIOSTests.release.xcconfig"; path = "Pods/Target Support Files/Pods-PlayolaCoreIOSTests/Pods-PlayolaCoreIOSTests.release.xcconfig"; sourceTree = "<group>"; };
		2AA22055B54A89F6B44E4BA2 /* Pods-PlayolaCoreOSXTests.debug.xcconfig */ = {isa = PBXFileReference; includeInIndex = 1; lastKnownFileType = text.xcconfig; name = "Pods-PlayolaCoreOSXTests.debug.xcconfig"; path = "Pods/Target Support Files/Pods-PlayolaCoreOSXTests/Pods-PlayolaCoreOSXTests.debug.xcconfig"; sourceTree = "<group>"; };
		2E52893CA0026F9699BE7FE6 /* Pods-PlayolaCoreOSX.release.xcconfig */ = {isa = PBXFileReference; includeInIndex = 1; lastKnownFileType = text.xcconfig; name = "Pods-PlayolaCoreOSX.release.xcconfig"; path = "Pods/Target Support Files/Pods-PlayolaCoreOSX/Pods-PlayolaCoreOSX.release.xcconfig"; sourceTree = "<group>"; };
		43C55B6D58D87270D3D701C2 /* Pods-PlayolaCoreIOSTests.debug.xcconfig */ = {isa = PBXFileReference; includeInIndex = 1; lastKnownFileType = text.xcconfig; name = "Pods-PlayolaCoreIOSTests.debug.xcconfig"; path = "Pods/Target Support Files/Pods-PlayolaCoreIOSTests/Pods-PlayolaCoreIOSTests.debug.xcconfig"; sourceTree = "<group>"; };
		4B1F65871F4F5829003CC78A /* PlayolaCurrentUserInfoTests.swift */ = {isa = PBXFileReference; fileEncoding = 4; lastKnownFileType = sourcecode.swift; name = PlayolaCurrentUserInfoTests.swift; path = ../Tests/Services/PlayolaCurrentUserInfoTests.swift; sourceTree = "<group>"; };
		4B1F658A1F508203003CC78A /* CommercialBlockProviderTests.swift */ = {isa = PBXFileReference; fileEncoding = 4; lastKnownFileType = sourcecode.swift; name = CommercialBlockProviderTests.swift; path = ../Tests/Services/CommercialBlockProviderTests.swift; sourceTree = "<group>"; };
		4B1F658D1F5202F2003CC78A /* PlayolaModelRefreshHandler.swift */ = {isa = PBXFileReference; fileEncoding = 4; lastKnownFileType = sourcecode.swift; name = PlayolaModelRefreshHandler.swift; path = ../Sources/Services/PlayolaUpdatesMonitor./PlayolaModelRefreshHandler.swift; sourceTree = "<group>"; };
		4B1F65931F52031B003CC78A /* PlayolaModelRefreshHandlerTests.swift */ = {isa = PBXFileReference; fileEncoding = 4; lastKnownFileType = sourcecode.swift; name = PlayolaModelRefreshHandlerTests.swift; path = ../Tests/Services/PlayolaModelRefreshHandlerTests.swift; sourceTree = "<group>"; };
		4B1F65961F5203D2003CC78A /* PlayolaAPIMock.swift */ = {isa = PBXFileReference; fileEncoding = 4; lastKnownFileType = sourcecode.swift; name = PlayolaAPIMock.swift; path = ../Tests/Mocks/PlayolaAPIMock.swift; sourceTree = "<group>"; };
		4B1F65991F520AA1003CC78A /* MiscHelpers.swift */ = {isa = PBXFileReference; fileEncoding = 4; lastKnownFileType = sourcecode.swift; name = MiscHelpers.swift; path = ../Sources/Extensions/MiscHelpers.swift; sourceTree = "<group>"; };
		4B1F659E1F521022003CC78A /* PlayolaProgramRefresher.swift */ = {isa = PBXFileReference; fileEncoding = 4; lastKnownFileType = sourcecode.swift; name = PlayolaProgramRefresher.swift; path = ../Sources/Models/PlayolaProgramRefresher.swift; sourceTree = "<group>"; };
		4B1F65A31F52104C003CC78A /* PlayolaProgramRefresherTests.swift */ = {isa = PBXFileReference; fileEncoding = 4; lastKnownFileType = sourcecode.swift; name = PlayolaProgramRefresherTests.swift; path = ../Tests/Models/PlayolaProgramRefresherTests.swift; sourceTree = "<group>"; };
		4B361B821F44663D00654968 /* PlayolaCoreIOS.framework */ = {isa = PBXFileReference; explicitFileType = wrapper.framework; includeInIndex = 0; path = PlayolaCoreIOS.framework; sourceTree = BUILT_PRODUCTS_DIR; };
		4B361B841F44663D00654968 /* PlayolaCoreIOS.h */ = {isa = PBXFileReference; lastKnownFileType = sourcecode.c.h; path = PlayolaCoreIOS.h; sourceTree = "<group>"; };
		4B361B851F44663D00654968 /* Info.plist */ = {isa = PBXFileReference; lastKnownFileType = text.plist.xml; path = Info.plist; sourceTree = "<group>"; };
		4B361B8A1F44663D00654968 /* PlayolaCoreIOSTests.xctest */ = {isa = PBXFileReference; explicitFileType = wrapper.cfbundle; includeInIndex = 0; path = PlayolaCoreIOSTests.xctest; sourceTree = BUILT_PRODUCTS_DIR; };
		4B361B911F44663D00654968 /* Info.plist */ = {isa = PBXFileReference; lastKnownFileType = text.plist.xml; path = Info.plist; sourceTree = "<group>"; };
		4B361B9E1F44664B00654968 /* PlayolaCoreOSX.framework */ = {isa = PBXFileReference; explicitFileType = wrapper.framework; includeInIndex = 0; path = PlayolaCoreOSX.framework; sourceTree = BUILT_PRODUCTS_DIR; };
		4B361BA01F44664B00654968 /* PlayolaCoreOSX.h */ = {isa = PBXFileReference; lastKnownFileType = sourcecode.c.h; path = PlayolaCoreOSX.h; sourceTree = "<group>"; };
		4B361BA11F44664B00654968 /* Info.plist */ = {isa = PBXFileReference; lastKnownFileType = text.plist.xml; path = Info.plist; sourceTree = "<group>"; };
		4B361BA61F44664B00654968 /* PlayolaCoreOSXTests.xctest */ = {isa = PBXFileReference; explicitFileType = wrapper.cfbundle; includeInIndex = 0; path = PlayolaCoreOSXTests.xctest; sourceTree = BUILT_PRODUCTS_DIR; };
		4B361BAD1F44664B00654968 /* Info.plist */ = {isa = PBXFileReference; lastKnownFileType = text.plist.xml; path = Info.plist; sourceTree = "<group>"; };
		4B361BF31F44AF1700654968 /* PlayolaAPI.swift */ = {isa = PBXFileReference; fileEncoding = 4; lastKnownFileType = sourcecode.swift; name = PlayolaAPI.swift; path = ../Sources/Auth/PlayolaAPI.swift; sourceTree = "<group>"; };
		4B361BF81F44B0FF00654968 /* PlayolaAPITests.swift */ = {isa = PBXFileReference; fileEncoding = 4; lastKnownFileType = sourcecode.swift; name = PlayolaAPITests.swift; path = ../Tests/PlayolaAPITests.swift; sourceTree = "<group>"; };
		4B361BFC1F44B2C200654968 /* UserModel.swift */ = {isa = PBXFileReference; fileEncoding = 4; lastKnownFileType = sourcecode.swift; name = UserModel.swift; path = ../Sources/Models/UserModel.swift; sourceTree = "<group>"; };
		4B361C021F44B44A00654968 /* UserModelTests.swift */ = {isa = PBXFileReference; fileEncoding = 4; lastKnownFileType = sourcecode.swift; name = UserModelTests.swift; path = ../Tests/Models/UserModelTests.swift; sourceTree = "<group>"; };
		4B361C091F44B51800654968 /* ProgramModel.swift */ = {isa = PBXFileReference; fileEncoding = 4; lastKnownFileType = sourcecode.swift; name = ProgramModel.swift; path = ../Sources/Models/ProgramModel.swift; sourceTree = "<group>"; };
		4B361C0E1F44B54E00654968 /* SpinModel.swift */ = {isa = PBXFileReference; fileEncoding = 4; lastKnownFileType = sourcecode.swift; name = SpinModel.swift; path = ../Sources/Models/SpinModel.swift; sourceTree = "<group>"; };
		4B361C191F44B62400654968 /* AudioBlockModel.swift */ = {isa = PBXFileReference; fileEncoding = 4; lastKnownFileType = sourcecode.swift; name = AudioBlockModel.swift; path = ../Sources/Models/AudioBlockModel.swift; sourceTree = "<group>"; };
		4B361C1F1F44B69C00654968 /* ProgramModelTests.swift */ = {isa = PBXFileReference; fileEncoding = 4; lastKnownFileType = sourcecode.swift; name = ProgramModelTests.swift; path = ../Tests/Models/ProgramModelTests.swift; sourceTree = "<group>"; };
		4B361C201F44B69C00654968 /* SpinModelTests.swift */ = {isa = PBXFileReference; fileEncoding = 4; lastKnownFileType = sourcecode.swift; name = SpinModelTests.swift; path = ../Tests/Models/SpinModelTests.swift; sourceTree = "<group>"; };
		4B361C2F1F44B91E00654968 /* AudioBlockModelTests.swift */ = {isa = PBXFileReference; fileEncoding = 4; lastKnownFileType = sourcecode.swift; name = AudioBlockModelTests.swift; path = ../Tests/Models/AudioBlockModelTests.swift; sourceTree = "<group>"; };
		4B361C331F44BAA300654968 /* DateExtensions.swift */ = {isa = PBXFileReference; fileEncoding = 4; lastKnownFileType = sourcecode.swift; name = DateExtensions.swift; path = ../Sources/Extensions/DateExtensions.swift; sourceTree = "<group>"; };
		4B361C3A1F44BCC800654968 /* DateHandlerService.swift */ = {isa = PBXFileReference; fileEncoding = 4; lastKnownFileType = sourcecode.swift; name = DateHandlerService.swift; path = ../Sources/Services/DateHandlerService.swift; sourceTree = "<group>"; };
		4B361C3F1F44BD1C00654968 /* Constants.swift */ = {isa = PBXFileReference; fileEncoding = 4; lastKnownFileType = sourcecode.swift; name = Constants.swift; path = ../Sources/Config/Constants.swift; sourceTree = "<group>"; };
		4B361C541F44C72900654968 /* UserListModel.swift */ = {isa = PBXFileReference; fileEncoding = 4; lastKnownFileType = sourcecode.swift; name = UserListModel.swift; path = ../Sources/Models/UserListModel.swift; sourceTree = "<group>"; };
		4B361C5C1F44C86300654968 /* RotationItemsCollection.swift */ = {isa = PBXFileReference; fileEncoding = 4; lastKnownFileType = sourcecode.swift; name = RotationItemsCollection.swift; path = ../Sources/Models/RotationItemsCollection.swift; sourceTree = "<group>"; };
		4B361C641F44C8D600654968 /* RotationItemsCollectionTests.swift */ = {isa = PBXFileReference; fileEncoding = 4; lastKnownFileType = sourcecode.swift; name = RotationItemsCollectionTests.swift; path = ../Tests/Models/RotationItemsCollectionTests.swift; sourceTree = "<group>"; };
		4B361C671F44C91E00654968 /* RotationItem.swift */ = {isa = PBXFileReference; fileEncoding = 4; lastKnownFileType = sourcecode.swift; name = RotationItem.swift; path = ../Sources/Models/RotationItem.swift; sourceTree = "<group>"; };
		4B361C6D1F44D58400654968 /* DataMocker.swift */ = {isa = PBXFileReference; fileEncoding = 4; lastKnownFileType = sourcecode.swift; name = DataMocker.swift; path = ../Tests/Helpers/DataMocker.swift; sourceTree = "<group>"; };
		4B361C731F45CC7100654968 /* getUserSuccess.json */ = {isa = PBXFileReference; lastKnownFileType = text.json; name = getUserSuccess.json; path = ../Tests/APIJson/getUserSuccess.json; sourceTree = "<group>"; };
		4B361C7A1F45E20A00654968 /* AuthError.swift */ = {isa = PBXFileReference; fileEncoding = 4; lastKnownFileType = sourcecode.swift; name = AuthError.swift; path = ../Sources/Errors/AuthError.swift; sourceTree = "<group>"; };
		4B9358941F47788A0038C327 /* userSearchResultsSuccess.json */ = {isa = PBXFileReference; fileEncoding = 4; lastKnownFileType = text.json; name = userSearchResultsSuccess.json; path = ../Tests/APIJson/userSearchResultsSuccess.json; sourceTree = "<group>"; };
		4B93589A1F488D0F0038C327 /* DateHandlerMock.swift */ = {isa = PBXFileReference; fileEncoding = 4; lastKnownFileType = sourcecode.swift; name = DateHandlerMock.swift; path = ../Tests/Mocks/DateHandlerMock.swift; sourceTree = "<group>"; };
		4B93592E1F48D26B0038C327 /* PlayolaAudioPlayer.swift */ = {isa = PBXFileReference; fileEncoding = 4; lastKnownFileType = sourcecode.swift; name = PlayolaAudioPlayer.swift; path = ../Sources/Services/AudioPlayer/PlayolaAudioPlayer.swift; sourceTree = "<group>"; };
		4B9359331F48D3120038C327 /* PAPSpin.swift */ = {isa = PBXFileReference; fileEncoding = 4; lastKnownFileType = sourcecode.swift; name = PAPSpin.swift; path = ../Sources/Services/AudioPlayer/PAPSpin.swift; sourceTree = "<group>"; };
		4B9359391F48D4750038C327 /* PlayolaAudioPlayerTests.swift */ = {isa = PBXFileReference; fileEncoding = 4; lastKnownFileType = sourcecode.swift; name = PlayolaAudioPlayerTests.swift; path = ../Tests/Services/AudioPlayer/PlayolaAudioPlayerTests.swift; sourceTree = "<group>"; };
		4BC0B9C51F55E5A100C0AED3 /* PlayolaProgramAutoAdvancer.swift */ = {isa = PBXFileReference; fileEncoding = 4; lastKnownFileType = sourcecode.swift; name = PlayolaProgramAutoAdvancer.swift; path = ../Sources/Models/PlayolaProgramAutoAdvancer.swift; sourceTree = "<group>"; };
		4BC0B9CA1F55E5D100C0AED3 /* PlayolaProgramAutoAdvancerTests.swift */ = {isa = PBXFileReference; fileEncoding = 4; lastKnownFileType = sourcecode.swift; name = PlayolaProgramAutoAdvancerTests.swift; path = ../Tests/Models/PlayolaProgramAutoAdvancerTests.swift; sourceTree = "<group>"; };
		4BC1C3011F48E62A00B7415C /* PAPEvents.swift */ = {isa = PBXFileReference; fileEncoding = 4; lastKnownFileType = sourcecode.swift; name = PAPEvents.swift; path = ../Sources/Services/AudioPlayer/PAPEvents.swift; sourceTree = "<group>"; };
		4BC1C3061F48F4A000B7415C /* UserListModelTests.swift */ = {isa = PBXFileReference; fileEncoding = 4; lastKnownFileType = sourcecode.swift; name = UserListModelTests.swift; path = ../Tests/Models/UserListModelTests.swift; sourceTree = "<group>"; };
		4BC1C30B1F4A1D7000B7415C /* PlayolaStationPlayer.swift */ = {isa = PBXFileReference; fileEncoding = 4; lastKnownFileType = sourcecode.swift; name = PlayolaStationPlayer.swift; path = ../Sources/Services/AudioPlayer/PlayolaStationPlayer.swift; sourceTree = "<group>"; };
		4BC1C3101F4A214300B7415C /* PlayolaStationPlayerTests.swift */ = {isa = PBXFileReference; fileEncoding = 4; lastKnownFileType = sourcecode.swift; name = PlayolaStationPlayerTests.swift; path = ../Tests/Services/AudioPlayer/PlayolaStationPlayerTests.swift; sourceTree = "<group>"; };
		4BC1C3131F4A2ADA00B7415C /* PlayolaAudioPlayerMock.swift */ = {isa = PBXFileReference; fileEncoding = 4; lastKnownFileType = sourcecode.swift; name = PlayolaAudioPlayerMock.swift; path = ../Tests/Mocks/PlayolaAudioPlayerMock.swift; sourceTree = "<group>"; };
		4BC1C3191F4A35F500B7415C /* PAPSpinMock.swift */ = {isa = PBXFileReference; fileEncoding = 4; lastKnownFileType = sourcecode.swift; name = PAPSpinMock.swift; path = ../Tests/Mocks/PAPSpinMock.swift; sourceTree = "<group>"; };
		4BC1C31C1F4A44C700B7415C /* PlayolaStationPlayerEvents.swift */ = {isa = PBXFileReference; fileEncoding = 4; lastKnownFileType = sourcecode.swift; name = PlayolaStationPlayerEvents.swift; path = ../Sources/Services/AudioPlayer/PlayolaStationPlayerEvents.swift; sourceTree = "<group>"; };
		4BE006F01F460E3F0010C420 /* 404.json */ = {isa = PBXFileReference; fileEncoding = 4; lastKnownFileType = text.json; name = 404.json; path = ../Tests/APIJson/404.json; sourceTree = "<group>"; };
		4BE006FC1F472CDE0010C420 /* getActiveSessionsCountSuccess.json */ = {isa = PBXFileReference; fileEncoding = 4; lastKnownFileType = text.json; name = getActiveSessionsCountSuccess.json; path = ../Tests/APIJson/getActiveSessionsCountSuccess.json; sourceTree = "<group>"; };
		4BE006FD1F472CDE0010C420 /* getPresetsSuccess.json */ = {isa = PBXFileReference; fileEncoding = 4; lastKnownFileType = text.json; name = getPresetsSuccess.json; path = ../Tests/APIJson/getPresetsSuccess.json; sourceTree = "<group>"; };
		4BE006FE1F472CDE0010C420 /* getUserRotationItemsSuccess.json */ = {isa = PBXFileReference; fileEncoding = 4; lastKnownFileType = text.json; name = getUserRotationItemsSuccess.json; path = ../Tests/APIJson/getUserRotationItemsSuccess.json; sourceTree = "<group>"; };
		4BE007051F47326D0010C420 /* getTopUsersSuccess.json */ = {isa = PBXFileReference; fileEncoding = 4; lastKnownFileType = text.json; name = getTopUsersSuccess.json; path = ../Tests/APIJson/getTopUsersSuccess.json; sourceTree = "<group>"; };
		4BE007081F473BEB0010C420 /* updateUserSuccess.json */ = {isa = PBXFileReference; fileEncoding = 4; lastKnownFileType = text.json; name = updateUserSuccess.json; path = ../Tests/APIJson/updateUserSuccess.json; sourceTree = "<group>"; };
		4BE0070B1F47517F0010C420 /* 422.json */ = {isa = PBXFileReference; fileEncoding = 4; lastKnownFileType = text.json; name = 422.json; path = ../Tests/APIJson/422.json; sourceTree = "<group>"; };
		4BE007131F4757E40010C420 /* AuthErrorTests.swift */ = {isa = PBXFileReference; fileEncoding = 4; lastKnownFileType = sourcecode.swift; name = AuthErrorTests.swift; path = ../Tests/Errors/AuthErrorTests.swift; sourceTree = "<group>"; };
		4BE007191F4769680010C420 /* AuthErrorType.swift */ = {isa = PBXFileReference; fileEncoding = 4; lastKnownFileType = sourcecode.swift; name = AuthErrorType.swift; path = ../Sources/Errors/AuthErrorType.swift; sourceTree = "<group>"; };
		4BED3C121F4E2675008DD9BD /* CommercialBlockProvider.swift */ = {isa = PBXFileReference; fileEncoding = 4; lastKnownFileType = sourcecode.swift; name = CommercialBlockProvider.swift; path = ../Sources/Services/CommercialBlockProvider/CommercialBlockProvider.swift; sourceTree = "<group>"; };
		4BED3C181F4F1E72008DD9BD /* PlayolaCurrentUserInfoService.swift */ = {isa = PBXFileReference; fileEncoding = 4; lastKnownFileType = sourcecode.swift; name = PlayolaCurrentUserInfoService.swift; path = ../Sources/Services/PlayolaCurrentUserInfo/PlayolaCurrentUserInfoService.swift; sourceTree = "<group>"; };
		79A14DE083431C03EBB42D3C /* Pods-PlayolaCoreOSX.debug.xcconfig */ = {isa = PBXFileReference; includeInIndex = 1; lastKnownFileType = text.xcconfig; name = "Pods-PlayolaCoreOSX.debug.xcconfig"; path = "Pods/Target Support Files/Pods-PlayolaCoreOSX/Pods-PlayolaCoreOSX.debug.xcconfig"; sourceTree = "<group>"; };
		8D88574362D551E0EF87768D /* Pods_PlayolaCoreIOSTests.framework */ = {isa = PBXFileReference; explicitFileType = wrapper.framework; includeInIndex = 0; path = Pods_PlayolaCoreIOSTests.framework; sourceTree = BUILT_PRODUCTS_DIR; };
		A5206BFFDE0117D4350994FD /* Pods-PlayolaCoreIOS.release.xcconfig */ = {isa = PBXFileReference; includeInIndex = 1; lastKnownFileType = text.xcconfig; name = "Pods-PlayolaCoreIOS.release.xcconfig"; path = "Pods/Target Support Files/Pods-PlayolaCoreIOS/Pods-PlayolaCoreIOS.release.xcconfig"; sourceTree = "<group>"; };
		BB8D2BD2B70914F0D783C26E /* Pods-PlayolaCoreIOS.debug.xcconfig */ = {isa = PBXFileReference; includeInIndex = 1; lastKnownFileType = text.xcconfig; name = "Pods-PlayolaCoreIOS.debug.xcconfig"; path = "Pods/Target Support Files/Pods-PlayolaCoreIOS/Pods-PlayolaCoreIOS.debug.xcconfig"; sourceTree = "<group>"; };
		CBF8A2938A12447E667A706A /* Pods_PlayolaCoreOSXTests.framework */ = {isa = PBXFileReference; explicitFileType = wrapper.framework; includeInIndex = 0; path = Pods_PlayolaCoreOSXTests.framework; sourceTree = BUILT_PRODUCTS_DIR; };
		D907DE16E56F2E4F4D68C322 /* Pods-PlayolaCoreOSXTests.release.xcconfig */ = {isa = PBXFileReference; includeInIndex = 1; lastKnownFileType = text.xcconfig; name = "Pods-PlayolaCoreOSXTests.release.xcconfig"; path = "Pods/Target Support Files/Pods-PlayolaCoreOSXTests/Pods-PlayolaCoreOSXTests.release.xcconfig"; sourceTree = "<group>"; };
		E20AE50233491E153AA5BEF3 /* Pods_PlayolaCoreIOS.framework */ = {isa = PBXFileReference; explicitFileType = wrapper.framework; includeInIndex = 0; path = Pods_PlayolaCoreIOS.framework; sourceTree = BUILT_PRODUCTS_DIR; };
		EDEA962412E4A08CA23B8F88 /* Pods_PlayolaCoreOSX.framework */ = {isa = PBXFileReference; explicitFileType = wrapper.framework; includeInIndex = 0; path = Pods_PlayolaCoreOSX.framework; sourceTree = BUILT_PRODUCTS_DIR; };
/* End PBXFileReference section */

/* Begin PBXFrameworksBuildPhase section */
		4B361B7E1F44663D00654968 /* Frameworks */ = {
			isa = PBXFrameworksBuildPhase;
			buildActionMask = 2147483647;
			files = (
				3C4FBEA255DD264DA208C1CD /* Pods_PlayolaCoreIOS.framework in Frameworks */,
			);
			runOnlyForDeploymentPostprocessing = 0;
		};
		4B361B871F44663D00654968 /* Frameworks */ = {
			isa = PBXFrameworksBuildPhase;
			buildActionMask = 2147483647;
			files = (
				4B361B8B1F44663D00654968 /* PlayolaCoreIOS.framework in Frameworks */,
				4EEAE5CA594C900961F8B9C0 /* Pods_PlayolaCoreIOSTests.framework in Frameworks */,
			);
			runOnlyForDeploymentPostprocessing = 0;
		};
		4B361B9A1F44664B00654968 /* Frameworks */ = {
			isa = PBXFrameworksBuildPhase;
			buildActionMask = 2147483647;
			files = (
				B6D0F5334A0405DA04A87671 /* Pods_PlayolaCoreOSX.framework in Frameworks */,
			);
			runOnlyForDeploymentPostprocessing = 0;
		};
		4B361BA31F44664B00654968 /* Frameworks */ = {
			isa = PBXFrameworksBuildPhase;
			buildActionMask = 2147483647;
			files = (
				4B361BA71F44664B00654968 /* PlayolaCoreOSX.framework in Frameworks */,
				8B352D8458875151EA3B6427 /* Pods_PlayolaCoreOSXTests.framework in Frameworks */,
			);
			runOnlyForDeploymentPostprocessing = 0;
		};
/* End PBXFrameworksBuildPhase section */

/* Begin PBXGroup section */
		03BD8008700CDB5A9CF46102 /* Frameworks */ = {
			isa = PBXGroup;
			children = (
				E20AE50233491E153AA5BEF3 /* Pods_PlayolaCoreIOS.framework */,
				8D88574362D551E0EF87768D /* Pods_PlayolaCoreIOSTests.framework */,
				EDEA962412E4A08CA23B8F88 /* Pods_PlayolaCoreOSX.framework */,
				CBF8A2938A12447E667A706A /* Pods_PlayolaCoreOSXTests.framework */,
			);
			name = Frameworks;
			sourceTree = "<group>";
		};
		4B1F65921F5202F6003CC78A /* PlayolaModelRefreshHandler */ = {
			isa = PBXGroup;
			children = (
				4B1F658D1F5202F2003CC78A /* PlayolaModelRefreshHandler.swift */,
			);
			name = PlayolaModelRefreshHandler;
			sourceTree = "<group>";
		};
		4B361B591F44661A00654968 = {
			isa = PBXGroup;
			children = (
				4B361BB51F44676B00654968 /* Sources */,
				4B361BBB1F44686D00654968 /* Tests */,
				4B361B831F44663D00654968 /* PlayolaCoreIOS */,
				4B361B8E1F44663D00654968 /* PlayolaCoreIOSTests */,
				4B361B9F1F44664B00654968 /* PlayolaCoreOSX */,
				4B361BAA1F44664B00654968 /* PlayolaCoreOSXTests */,
				4B361B641F44661A00654968 /* Products */,
				AAE24683FD508079C36DEDDD /* Pods */,
				03BD8008700CDB5A9CF46102 /* Frameworks */,
			);
			sourceTree = "<group>";
		};
		4B361B641F44661A00654968 /* Products */ = {
			isa = PBXGroup;
			children = (
				4B361B821F44663D00654968 /* PlayolaCoreIOS.framework */,
				4B361B8A1F44663D00654968 /* PlayolaCoreIOSTests.xctest */,
				4B361B9E1F44664B00654968 /* PlayolaCoreOSX.framework */,
				4B361BA61F44664B00654968 /* PlayolaCoreOSXTests.xctest */,
			);
			name = Products;
			sourceTree = "<group>";
		};
		4B361B831F44663D00654968 /* PlayolaCoreIOS */ = {
			isa = PBXGroup;
			children = (
				4B361B841F44663D00654968 /* PlayolaCoreIOS.h */,
				4B361B851F44663D00654968 /* Info.plist */,
			);
			path = PlayolaCoreIOS;
			sourceTree = "<group>";
		};
		4B361B8E1F44663D00654968 /* PlayolaCoreIOSTests */ = {
			isa = PBXGroup;
			children = (
				4B361B911F44663D00654968 /* Info.plist */,
			);
			path = PlayolaCoreIOSTests;
			sourceTree = "<group>";
		};
		4B361B9F1F44664B00654968 /* PlayolaCoreOSX */ = {
			isa = PBXGroup;
			children = (
				4B361BA01F44664B00654968 /* PlayolaCoreOSX.h */,
				4B361BA11F44664B00654968 /* Info.plist */,
			);
			path = PlayolaCoreOSX;
			sourceTree = "<group>";
		};
		4B361BAA1F44664B00654968 /* PlayolaCoreOSXTests */ = {
			isa = PBXGroup;
			children = (
				4B361BAD1F44664B00654968 /* Info.plist */,
			);
			path = PlayolaCoreOSXTests;
			sourceTree = "<group>";
		};
		4B361BB51F44676B00654968 /* Sources */ = {
			isa = PBXGroup;
			children = (
				4B361C791F45E1E600654968 /* Errors */,
				4B361C381F44BC4E00654968 /* Config */,
				4B361C321F44BA8C00654968 /* Extensions */,
				4B361C291F44B7F300654968 /* Services */,
				4B361BFB1F44B27600654968 /* Models */,
			);
			name = Sources;
			sourceTree = "<group>";
		};
		4B361BBB1F44686D00654968 /* Tests */ = {
			isa = PBXGroup;
			children = (
				4B9358971F488C560038C327 /* Mocks */,
				4BE007121F4757750010C420 /* Errors */,
				4B361C741F45CE6400654968 /* APIJson */,
				4B361C6C1F44D56D00654968 /* Helpers */,
				4B361C491F44BD7900654968 /* Services */,
				4B361C011F44B2EA00654968 /* Models */,
				4B361BF81F44B0FF00654968 /* PlayolaAPITests.swift */,
			);
			name = Tests;
			sourceTree = "<group>";
		};
		4B361BFA1F44B25E00654968 /* Auth */ = {
			isa = PBXGroup;
			children = (
				4B361BF31F44AF1700654968 /* PlayolaAPI.swift */,
			);
			name = Auth;
			sourceTree = "<group>";
		};
		4B361BFB1F44B27600654968 /* Models */ = {
			isa = PBXGroup;
			children = (
				4B361BFC1F44B2C200654968 /* UserModel.swift */,
				4B361C091F44B51800654968 /* ProgramModel.swift */,
				4B361C0E1F44B54E00654968 /* SpinModel.swift */,
				4B361C191F44B62400654968 /* AudioBlockModel.swift */,
				4B361C541F44C72900654968 /* UserListModel.swift */,
				4BC0B9C51F55E5A100C0AED3 /* PlayolaProgramAutoAdvancer.swift */,
				4BC0B9CA1F55E5D100C0AED3 /* PlayolaProgramAutoAdvancerTests.swift */,
				4B361C5C1F44C86300654968 /* RotationItemsCollection.swift */,
				4B361C671F44C91E00654968 /* RotationItem.swift */,
				4B1F659E1F521022003CC78A /* PlayolaProgramRefresher.swift */,
			);
			name = Models;
			sourceTree = "<group>";
		};
		4B361C011F44B2EA00654968 /* Models */ = {
			isa = PBXGroup;
			children = (
				4B361C1F1F44B69C00654968 /* ProgramModelTests.swift */,
				4B361C201F44B69C00654968 /* SpinModelTests.swift */,
				4B361C021F44B44A00654968 /* UserModelTests.swift */,
				4B361C2F1F44B91E00654968 /* AudioBlockModelTests.swift */,
				4B361C641F44C8D600654968 /* RotationItemsCollectionTests.swift */,
				4BC1C3061F48F4A000B7415C /* UserListModelTests.swift */,
			);
			name = Models;
			sourceTree = "<group>";
		};
		4B361C291F44B7F300654968 /* Services */ = {
			isa = PBXGroup;
			children = (
				4B1F65921F5202F6003CC78A /* PlayolaModelRefreshHandler */,
				4BED3C171F4F1E40008DD9BD /* PlayolaCurrentUserInfo */,
				4BED3C111F4E2644008DD9BD /* CommercialBlockProvider */,
				4B93592D1F48D0CD0038C327 /* AudioPlayer */,
				4B361BFA1F44B25E00654968 /* Auth */,
				4B361C3A1F44BCC800654968 /* DateHandlerService.swift */,
			);
			name = Services;
			sourceTree = "<group>";
		};
		4B361C321F44BA8C00654968 /* Extensions */ = {
			isa = PBXGroup;
			children = (
				4B361C331F44BAA300654968 /* DateExtensions.swift */,
				4B1F65991F520AA1003CC78A /* MiscHelpers.swift */,
			);
			name = Extensions;
			sourceTree = "<group>";
		};
		4B361C381F44BC4E00654968 /* Config */ = {
			isa = PBXGroup;
			children = (
				4B361C3F1F44BD1C00654968 /* Constants.swift */,
			);
			name = Config;
			sourceTree = "<group>";
		};
		4B361C491F44BD7900654968 /* Services */ = {
			isa = PBXGroup;
			children = (
				4B9359381F48D4340038C327 /* AudioPlayer */,
				4B1F65871F4F5829003CC78A /* PlayolaCurrentUserInfoTests.swift */,
				4B1F658A1F508203003CC78A /* CommercialBlockProviderTests.swift */,
				4B1F65931F52031B003CC78A /* PlayolaModelRefreshHandlerTests.swift */,
			);
			name = Services;
			sourceTree = "<group>";
		};
		4B361C6C1F44D56D00654968 /* Helpers */ = {
			isa = PBXGroup;
			children = (
				4B361C6D1F44D58400654968 /* DataMocker.swift */,
			);
			name = Helpers;
			sourceTree = "<group>";
		};
		4B361C741F45CE6400654968 /* APIJson */ = {
			isa = PBXGroup;
			children = (
				4BE006FC1F472CDE0010C420 /* getActiveSessionsCountSuccess.json */,
				4BE006FD1F472CDE0010C420 /* getPresetsSuccess.json */,
				4BE006FE1F472CDE0010C420 /* getUserRotationItemsSuccess.json */,
				4B361C731F45CC7100654968 /* getUserSuccess.json */,
				4BE006F01F460E3F0010C420 /* 404.json */,
				4BE007051F47326D0010C420 /* getTopUsersSuccess.json */,
				4BE007081F473BEB0010C420 /* updateUserSuccess.json */,
				4BE0070B1F47517F0010C420 /* 422.json */,
				4B9358941F47788A0038C327 /* userSearchResultsSuccess.json */,
			);
			name = APIJson;
			sourceTree = "<group>";
		};
		4B361C791F45E1E600654968 /* Errors */ = {
			isa = PBXGroup;
			children = (
				4BE007191F4769680010C420 /* AuthErrorType.swift */,
				4B361C7A1F45E20A00654968 /* AuthError.swift */,
			);
			name = Errors;
			sourceTree = "<group>";
		};
		4B9358971F488C560038C327 /* Mocks */ = {
			isa = PBXGroup;
			children = (
				4B93589A1F488D0F0038C327 /* DateHandlerMock.swift */,
				4BC1C3131F4A2ADA00B7415C /* PlayolaAudioPlayerMock.swift */,
				4BC1C3191F4A35F500B7415C /* PAPSpinMock.swift */,
				4B1F65961F5203D2003CC78A /* PlayolaAPIMock.swift */,
			);
			name = Mocks;
			sourceTree = "<group>";
		};
		4B93592D1F48D0CD0038C327 /* AudioPlayer */ = {
			isa = PBXGroup;
			children = (
				4B93592E1F48D26B0038C327 /* PlayolaAudioPlayer.swift */,
				4B9359331F48D3120038C327 /* PAPSpin.swift */,
				4BC1C3011F48E62A00B7415C /* PAPEvents.swift */,
				4BC1C30B1F4A1D7000B7415C /* PlayolaStationPlayer.swift */,
				4BC1C31C1F4A44C700B7415C /* PlayolaStationPlayerEvents.swift */,
			);
			name = AudioPlayer;
			sourceTree = "<group>";
		};
		4B9359381F48D4340038C327 /* AudioPlayer */ = {
			isa = PBXGroup;
			children = (
				4B1F65A31F52104C003CC78A /* PlayolaProgramRefresherTests.swift */,
				4BC1C3101F4A214300B7415C /* PlayolaStationPlayerTests.swift */,
				4B9359391F48D4750038C327 /* PlayolaAudioPlayerTests.swift */,
			);
			name = AudioPlayer;
			sourceTree = "<group>";
		};
		4BE007121F4757750010C420 /* Errors */ = {
			isa = PBXGroup;
			children = (
				4BE007131F4757E40010C420 /* AuthErrorTests.swift */,
			);
			name = Errors;
			sourceTree = "<group>";
		};
		4BED3C111F4E2644008DD9BD /* CommercialBlockProvider */ = {
			isa = PBXGroup;
			children = (
				4BED3C121F4E2675008DD9BD /* CommercialBlockProvider.swift */,
			);
			name = CommercialBlockProvider;
			sourceTree = "<group>";
		};
		4BED3C171F4F1E40008DD9BD /* PlayolaCurrentUserInfo */ = {
			isa = PBXGroup;
			children = (
				4BED3C181F4F1E72008DD9BD /* PlayolaCurrentUserInfoService.swift */,
			);
			name = PlayolaCurrentUserInfo;
			sourceTree = "<group>";
		};
		AAE24683FD508079C36DEDDD /* Pods */ = {
			isa = PBXGroup;
			children = (
				BB8D2BD2B70914F0D783C26E /* Pods-PlayolaCoreIOS.debug.xcconfig */,
				A5206BFFDE0117D4350994FD /* Pods-PlayolaCoreIOS.release.xcconfig */,
				43C55B6D58D87270D3D701C2 /* Pods-PlayolaCoreIOSTests.debug.xcconfig */,
				012DB980C9EC63C62555145D /* Pods-PlayolaCoreIOSTests.release.xcconfig */,
				79A14DE083431C03EBB42D3C /* Pods-PlayolaCoreOSX.debug.xcconfig */,
				2E52893CA0026F9699BE7FE6 /* Pods-PlayolaCoreOSX.release.xcconfig */,
				2AA22055B54A89F6B44E4BA2 /* Pods-PlayolaCoreOSXTests.debug.xcconfig */,
				D907DE16E56F2E4F4D68C322 /* Pods-PlayolaCoreOSXTests.release.xcconfig */,
			);
			name = Pods;
			sourceTree = "<group>";
		};
/* End PBXGroup section */

/* Begin PBXHeadersBuildPhase section */
		4B361B7F1F44663D00654968 /* Headers */ = {
			isa = PBXHeadersBuildPhase;
			buildActionMask = 2147483647;
			files = (
				4B361B921F44663D00654968 /* PlayolaCoreIOS.h in Headers */,
			);
			runOnlyForDeploymentPostprocessing = 0;
		};
		4B361B9B1F44664B00654968 /* Headers */ = {
			isa = PBXHeadersBuildPhase;
			buildActionMask = 2147483647;
			files = (
				4B361BAE1F44664B00654968 /* PlayolaCoreOSX.h in Headers */,
			);
			runOnlyForDeploymentPostprocessing = 0;
		};
/* End PBXHeadersBuildPhase section */

/* Begin PBXNativeTarget section */
		4B361B811F44663D00654968 /* PlayolaCoreIOS */ = {
			isa = PBXNativeTarget;
			buildConfigurationList = 4B361B931F44663D00654968 /* Build configuration list for PBXNativeTarget "PlayolaCoreIOS" */;
			buildPhases = (
				0E427BE043D0E20714B3FE83 /* [CP] Check Pods Manifest.lock */,
				4B361B7D1F44663D00654968 /* Sources */,
				4B361B7E1F44663D00654968 /* Frameworks */,
				4B361B7F1F44663D00654968 /* Headers */,
				4B361B801F44663D00654968 /* Resources */,
				94C6C09F0ED416562909CDC9 /* [CP] Copy Pods Resources */,
			);
			buildRules = (
			);
			dependencies = (
			);
			name = PlayolaCoreIOS;
			productName = PlayolaCoreIOS;
			productReference = 4B361B821F44663D00654968 /* PlayolaCoreIOS.framework */;
			productType = "com.apple.product-type.framework";
		};
		4B361B891F44663D00654968 /* PlayolaCoreIOSTests */ = {
			isa = PBXNativeTarget;
			buildConfigurationList = 4B361B961F44663D00654968 /* Build configuration list for PBXNativeTarget "PlayolaCoreIOSTests" */;
			buildPhases = (
				666F8F9B06025D0CF3E1893E /* [CP] Check Pods Manifest.lock */,
				4B361B861F44663D00654968 /* Sources */,
				4B361B871F44663D00654968 /* Frameworks */,
				4B361B881F44663D00654968 /* Resources */,
				636227E4C788BDCBFB998DB9 /* [CP] Embed Pods Frameworks */,
				3064FB190118801FB060C5AB /* [CP] Copy Pods Resources */,
			);
			buildRules = (
			);
			dependencies = (
				4B361B8D1F44663D00654968 /* PBXTargetDependency */,
			);
			name = PlayolaCoreIOSTests;
			productName = PlayolaCoreIOSTests;
			productReference = 4B361B8A1F44663D00654968 /* PlayolaCoreIOSTests.xctest */;
			productType = "com.apple.product-type.bundle.unit-test";
		};
		4B361B9D1F44664B00654968 /* PlayolaCoreOSX */ = {
			isa = PBXNativeTarget;
			buildConfigurationList = 4B361BAF1F44664B00654968 /* Build configuration list for PBXNativeTarget "PlayolaCoreOSX" */;
			buildPhases = (
				CB74D5FDA2EECB1EA24598AC /* [CP] Check Pods Manifest.lock */,
				4B361B991F44664B00654968 /* Sources */,
				4B361B9A1F44664B00654968 /* Frameworks */,
				4B361B9B1F44664B00654968 /* Headers */,
				4B361B9C1F44664B00654968 /* Resources */,
				E9973C8DF411BA369B277400 /* [CP] Copy Pods Resources */,
			);
			buildRules = (
			);
			dependencies = (
			);
			name = PlayolaCoreOSX;
			productName = PlayolaCoreOSX;
			productReference = 4B361B9E1F44664B00654968 /* PlayolaCoreOSX.framework */;
			productType = "com.apple.product-type.framework";
		};
		4B361BA51F44664B00654968 /* PlayolaCoreOSXTests */ = {
			isa = PBXNativeTarget;
			buildConfigurationList = 4B361BB21F44664B00654968 /* Build configuration list for PBXNativeTarget "PlayolaCoreOSXTests" */;
			buildPhases = (
				D984E74CA874E385A627AE3A /* [CP] Check Pods Manifest.lock */,
				4B361BA21F44664B00654968 /* Sources */,
				4B361BA31F44664B00654968 /* Frameworks */,
				4B361BA41F44664B00654968 /* Resources */,
				8B7152DFD907BC7A09B76356 /* [CP] Embed Pods Frameworks */,
				BD00ABEB1BFFFFCC9A3290E2 /* [CP] Copy Pods Resources */,
			);
			buildRules = (
			);
			dependencies = (
				4B361BA91F44664B00654968 /* PBXTargetDependency */,
			);
			name = PlayolaCoreOSXTests;
			productName = PlayolaCoreOSXTests;
			productReference = 4B361BA61F44664B00654968 /* PlayolaCoreOSXTests.xctest */;
			productType = "com.apple.product-type.bundle.unit-test";
		};
/* End PBXNativeTarget section */

/* Begin PBXProject section */
		4B361B5A1F44661A00654968 /* Project object */ = {
			isa = PBXProject;
			attributes = {
				LastSwiftUpdateCheck = 0830;
				LastUpgradeCheck = 0830;
				ORGANIZATIONNAME = "Brian D Keane";
				TargetAttributes = {
					4B361B811F44663D00654968 = {
						CreatedOnToolsVersion = 8.3.3;
						DevelopmentTeam = FSRSPV9N9Q;
						LastSwiftMigration = 0830;
						ProvisioningStyle = Automatic;
					};
					4B361B891F44663D00654968 = {
						CreatedOnToolsVersion = 8.3.3;
						DevelopmentTeam = FSRSPV9N9Q;
						ProvisioningStyle = Automatic;
					};
					4B361B9D1F44664B00654968 = {
						CreatedOnToolsVersion = 8.3.3;
						DevelopmentTeam = FSRSPV9N9Q;
						LastSwiftMigration = 0830;
						ProvisioningStyle = Automatic;
					};
					4B361BA51F44664B00654968 = {
						CreatedOnToolsVersion = 8.3.3;
						DevelopmentTeam = FSRSPV9N9Q;
						ProvisioningStyle = Automatic;
					};
				};
			};
			buildConfigurationList = 4B361B5D1F44661A00654968 /* Build configuration list for PBXProject "PlayolaCore" */;
			compatibilityVersion = "Xcode 3.2";
			developmentRegion = English;
			hasScannedForEncodings = 0;
			knownRegions = (
				en,
			);
			mainGroup = 4B361B591F44661A00654968;
			productRefGroup = 4B361B641F44661A00654968 /* Products */;
			projectDirPath = "";
			projectRoot = "";
			targets = (
				4B361B811F44663D00654968 /* PlayolaCoreIOS */,
				4B361B891F44663D00654968 /* PlayolaCoreIOSTests */,
				4B361B9D1F44664B00654968 /* PlayolaCoreOSX */,
				4B361BA51F44664B00654968 /* PlayolaCoreOSXTests */,
			);
		};
/* End PBXProject section */

/* Begin PBXResourcesBuildPhase section */
		4B361B801F44663D00654968 /* Resources */ = {
			isa = PBXResourcesBuildPhase;
			buildActionMask = 2147483647;
			files = (
				4B361C771F45DA6D00654968 /* getUserSuccess.json in Resources */,
			);
			runOnlyForDeploymentPostprocessing = 0;
		};
		4B361B881F44663D00654968 /* Resources */ = {
			isa = PBXResourcesBuildPhase;
			buildActionMask = 2147483647;
			files = (
				4BE0070C1F47517F0010C420 /* 422.json in Resources */,
				4BE006F11F460E3F0010C420 /* 404.json in Resources */,
				4BE007091F473BEB0010C420 /* updateUserSuccess.json in Resources */,
				4BE007061F47326D0010C420 /* getTopUsersSuccess.json in Resources */,
				4BE007011F472CDE0010C420 /* getPresetsSuccess.json in Resources */,
				4B9358951F47788A0038C327 /* userSearchResultsSuccess.json in Resources */,
				4B361C751F45CEF200654968 /* getUserSuccess.json in Resources */,
				4BE007031F472CDE0010C420 /* getUserRotationItemsSuccess.json in Resources */,
				4BE006FF1F472CDE0010C420 /* getActiveSessionsCountSuccess.json in Resources */,
			);
			runOnlyForDeploymentPostprocessing = 0;
		};
		4B361B9C1F44664B00654968 /* Resources */ = {
			isa = PBXResourcesBuildPhase;
			buildActionMask = 2147483647;
			files = (
				4B361C781F45DA6E00654968 /* getUserSuccess.json in Resources */,
			);
			runOnlyForDeploymentPostprocessing = 0;
		};
		4B361BA41F44664B00654968 /* Resources */ = {
			isa = PBXResourcesBuildPhase;
			buildActionMask = 2147483647;
			files = (
				4BE0070D1F47517F0010C420 /* 422.json in Resources */,
				4BE006F21F460E3F0010C420 /* 404.json in Resources */,
				4BE0070A1F473BEB0010C420 /* updateUserSuccess.json in Resources */,
				4BE007071F47326D0010C420 /* getTopUsersSuccess.json in Resources */,
				4BE007021F472CDE0010C420 /* getPresetsSuccess.json in Resources */,
				4B9358961F47788A0038C327 /* userSearchResultsSuccess.json in Resources */,
				4B361C761F45CEF300654968 /* getUserSuccess.json in Resources */,
				4BE007041F472CDE0010C420 /* getUserRotationItemsSuccess.json in Resources */,
				4BE007001F472CDE0010C420 /* getActiveSessionsCountSuccess.json in Resources */,
			);
			runOnlyForDeploymentPostprocessing = 0;
		};
/* End PBXResourcesBuildPhase section */

/* Begin PBXShellScriptBuildPhase section */
		0E427BE043D0E20714B3FE83 /* [CP] Check Pods Manifest.lock */ = {
			isa = PBXShellScriptBuildPhase;
			buildActionMask = 2147483647;
			files = (
			);
			inputPaths = (
				"${PODS_PODFILE_DIR_PATH}/Podfile.lock",
				"${PODS_ROOT}/Manifest.lock",
			);
			name = "[CP] Check Pods Manifest.lock";
			outputPaths = (
				"$(DERIVED_FILE_DIR)/Pods-PlayolaCoreIOS-checkManifestLockResult.txt",
			);
			runOnlyForDeploymentPostprocessing = 0;
			shellPath = /bin/sh;
			shellScript = "diff \"${PODS_PODFILE_DIR_PATH}/Podfile.lock\" \"${PODS_ROOT}/Manifest.lock\" > /dev/null\nif [ $? != 0 ] ; then\n    # print error to STDERR\n    echo \"error: The sandbox is not in sync with the Podfile.lock. Run 'pod install' or update your CocoaPods installation.\" >&2\n    exit 1\nfi\n# This output is used by Xcode 'outputs' to avoid re-running this script phase.\necho \"SUCCESS\" > \"${SCRIPT_OUTPUT_FILE_0}\"\n";
			showEnvVarsInLog = 0;
		};
		3064FB190118801FB060C5AB /* [CP] Copy Pods Resources */ = {
			isa = PBXShellScriptBuildPhase;
			buildActionMask = 2147483647;
			files = (
			);
			inputPaths = (
			);
			name = "[CP] Copy Pods Resources";
			outputPaths = (
			);
			runOnlyForDeploymentPostprocessing = 0;
			shellPath = /bin/sh;
			shellScript = "\"${SRCROOT}/Pods/Target Support Files/Pods-PlayolaCoreIOSTests/Pods-PlayolaCoreIOSTests-resources.sh\"\n";
			showEnvVarsInLog = 0;
		};
		636227E4C788BDCBFB998DB9 /* [CP] Embed Pods Frameworks */ = {
			isa = PBXShellScriptBuildPhase;
			buildActionMask = 2147483647;
			files = (
			);
			inputPaths = (
				"${SRCROOT}/Pods/Target Support Files/Pods-PlayolaCoreIOSTests/Pods-PlayolaCoreIOSTests-frameworks.sh",
				"${BUILT_PRODUCTS_DIR}/Nimble-iOS/Nimble.framework",
				"${BUILT_PRODUCTS_DIR}/OHHTTPStubs-iOS/OHHTTPStubs.framework",
				"${BUILT_PRODUCTS_DIR}/Quick-iOS/Quick.framework",
				"${BUILT_PRODUCTS_DIR}/Alamofire-iOS/Alamofire.framework",
				"${PODS_ROOT}/AudioKit/iOS/AudioKit.framework",
				"${BUILT_PRODUCTS_DIR}/PromiseKit-iOS/PromiseKit.framework",
				"${BUILT_PRODUCTS_DIR}/SwiftRemoteFileCache-iOS/SwiftRemoteFileCache.framework",
			);
			name = "[CP] Embed Pods Frameworks";
			outputPaths = (
				"${TARGET_BUILD_DIR}/${FRAMEWORKS_FOLDER_PATH}/Nimble.framework",
				"${TARGET_BUILD_DIR}/${FRAMEWORKS_FOLDER_PATH}/OHHTTPStubs.framework",
				"${TARGET_BUILD_DIR}/${FRAMEWORKS_FOLDER_PATH}/Quick.framework",
				"${TARGET_BUILD_DIR}/${FRAMEWORKS_FOLDER_PATH}/Alamofire.framework",
				"${TARGET_BUILD_DIR}/${FRAMEWORKS_FOLDER_PATH}/AudioKit.framework",
				"${TARGET_BUILD_DIR}/${FRAMEWORKS_FOLDER_PATH}/PromiseKit.framework",
				"${TARGET_BUILD_DIR}/${FRAMEWORKS_FOLDER_PATH}/SwiftRemoteFileCache.framework",
			);
			runOnlyForDeploymentPostprocessing = 0;
			shellPath = /bin/sh;
			shellScript = "\"${SRCROOT}/Pods/Target Support Files/Pods-PlayolaCoreIOSTests/Pods-PlayolaCoreIOSTests-frameworks.sh\"\n";
			showEnvVarsInLog = 0;
		};
		666F8F9B06025D0CF3E1893E /* [CP] Check Pods Manifest.lock */ = {
			isa = PBXShellScriptBuildPhase;
			buildActionMask = 2147483647;
			files = (
			);
			inputPaths = (
				"${PODS_PODFILE_DIR_PATH}/Podfile.lock",
				"${PODS_ROOT}/Manifest.lock",
			);
			name = "[CP] Check Pods Manifest.lock";
			outputPaths = (
				"$(DERIVED_FILE_DIR)/Pods-PlayolaCoreIOSTests-checkManifestLockResult.txt",
			);
			runOnlyForDeploymentPostprocessing = 0;
			shellPath = /bin/sh;
			shellScript = "diff \"${PODS_PODFILE_DIR_PATH}/Podfile.lock\" \"${PODS_ROOT}/Manifest.lock\" > /dev/null\nif [ $? != 0 ] ; then\n    # print error to STDERR\n    echo \"error: The sandbox is not in sync with the Podfile.lock. Run 'pod install' or update your CocoaPods installation.\" >&2\n    exit 1\nfi\n# This output is used by Xcode 'outputs' to avoid re-running this script phase.\necho \"SUCCESS\" > \"${SCRIPT_OUTPUT_FILE_0}\"\n";
			showEnvVarsInLog = 0;
		};
		8B7152DFD907BC7A09B76356 /* [CP] Embed Pods Frameworks */ = {
			isa = PBXShellScriptBuildPhase;
			buildActionMask = 2147483647;
			files = (
			);
			inputPaths = (
				"${SRCROOT}/Pods/Target Support Files/Pods-PlayolaCoreOSXTests/Pods-PlayolaCoreOSXTests-frameworks.sh",
				"${BUILT_PRODUCTS_DIR}/Nimble-macOS/Nimble.framework",
				"${BUILT_PRODUCTS_DIR}/OHHTTPStubs-macOS/OHHTTPStubs.framework",
				"${BUILT_PRODUCTS_DIR}/Quick-macOS/Quick.framework",
				"${BUILT_PRODUCTS_DIR}/Alamofire-macOS/Alamofire.framework",
				"${PODS_ROOT}/AudioKit/macOS/AudioKit.framework",
				"${BUILT_PRODUCTS_DIR}/PromiseKit-macOS/PromiseKit.framework",
				"${BUILT_PRODUCTS_DIR}/SwiftRemoteFileCache-macOS/SwiftRemoteFileCache.framework",
			);
			name = "[CP] Embed Pods Frameworks";
			outputPaths = (
				"${TARGET_BUILD_DIR}/${FRAMEWORKS_FOLDER_PATH}/Nimble.framework",
				"${TARGET_BUILD_DIR}/${FRAMEWORKS_FOLDER_PATH}/OHHTTPStubs.framework",
				"${TARGET_BUILD_DIR}/${FRAMEWORKS_FOLDER_PATH}/Quick.framework",
				"${TARGET_BUILD_DIR}/${FRAMEWORKS_FOLDER_PATH}/Alamofire.framework",
				"${TARGET_BUILD_DIR}/${FRAMEWORKS_FOLDER_PATH}/AudioKit.framework",
				"${TARGET_BUILD_DIR}/${FRAMEWORKS_FOLDER_PATH}/PromiseKit.framework",
				"${TARGET_BUILD_DIR}/${FRAMEWORKS_FOLDER_PATH}/SwiftRemoteFileCache.framework",
			);
			runOnlyForDeploymentPostprocessing = 0;
			shellPath = /bin/sh;
			shellScript = "\"${SRCROOT}/Pods/Target Support Files/Pods-PlayolaCoreOSXTests/Pods-PlayolaCoreOSXTests-frameworks.sh\"\n";
			showEnvVarsInLog = 0;
		};
		94C6C09F0ED416562909CDC9 /* [CP] Copy Pods Resources */ = {
			isa = PBXShellScriptBuildPhase;
			buildActionMask = 2147483647;
			files = (
			);
			inputPaths = (
			);
			name = "[CP] Copy Pods Resources";
			outputPaths = (
			);
			runOnlyForDeploymentPostprocessing = 0;
			shellPath = /bin/sh;
			shellScript = "\"${SRCROOT}/Pods/Target Support Files/Pods-PlayolaCoreIOS/Pods-PlayolaCoreIOS-resources.sh\"\n";
			showEnvVarsInLog = 0;
		};
		BD00ABEB1BFFFFCC9A3290E2 /* [CP] Copy Pods Resources */ = {
			isa = PBXShellScriptBuildPhase;
			buildActionMask = 2147483647;
			files = (
			);
			inputPaths = (
			);
			name = "[CP] Copy Pods Resources";
			outputPaths = (
			);
			runOnlyForDeploymentPostprocessing = 0;
			shellPath = /bin/sh;
			shellScript = "\"${SRCROOT}/Pods/Target Support Files/Pods-PlayolaCoreOSXTests/Pods-PlayolaCoreOSXTests-resources.sh\"\n";
			showEnvVarsInLog = 0;
		};
		CB74D5FDA2EECB1EA24598AC /* [CP] Check Pods Manifest.lock */ = {
			isa = PBXShellScriptBuildPhase;
			buildActionMask = 2147483647;
			files = (
			);
			inputPaths = (
				"${PODS_PODFILE_DIR_PATH}/Podfile.lock",
				"${PODS_ROOT}/Manifest.lock",
			);
			name = "[CP] Check Pods Manifest.lock";
			outputPaths = (
				"$(DERIVED_FILE_DIR)/Pods-PlayolaCoreOSX-checkManifestLockResult.txt",
			);
			runOnlyForDeploymentPostprocessing = 0;
			shellPath = /bin/sh;
			shellScript = "diff \"${PODS_PODFILE_DIR_PATH}/Podfile.lock\" \"${PODS_ROOT}/Manifest.lock\" > /dev/null\nif [ $? != 0 ] ; then\n    # print error to STDERR\n    echo \"error: The sandbox is not in sync with the Podfile.lock. Run 'pod install' or update your CocoaPods installation.\" >&2\n    exit 1\nfi\n# This output is used by Xcode 'outputs' to avoid re-running this script phase.\necho \"SUCCESS\" > \"${SCRIPT_OUTPUT_FILE_0}\"\n";
			showEnvVarsInLog = 0;
		};
		D984E74CA874E385A627AE3A /* [CP] Check Pods Manifest.lock */ = {
			isa = PBXShellScriptBuildPhase;
			buildActionMask = 2147483647;
			files = (
			);
			inputPaths = (
				"${PODS_PODFILE_DIR_PATH}/Podfile.lock",
				"${PODS_ROOT}/Manifest.lock",
			);
			name = "[CP] Check Pods Manifest.lock";
			outputPaths = (
				"$(DERIVED_FILE_DIR)/Pods-PlayolaCoreOSXTests-checkManifestLockResult.txt",
			);
			runOnlyForDeploymentPostprocessing = 0;
			shellPath = /bin/sh;
			shellScript = "diff \"${PODS_PODFILE_DIR_PATH}/Podfile.lock\" \"${PODS_ROOT}/Manifest.lock\" > /dev/null\nif [ $? != 0 ] ; then\n    # print error to STDERR\n    echo \"error: The sandbox is not in sync with the Podfile.lock. Run 'pod install' or update your CocoaPods installation.\" >&2\n    exit 1\nfi\n# This output is used by Xcode 'outputs' to avoid re-running this script phase.\necho \"SUCCESS\" > \"${SCRIPT_OUTPUT_FILE_0}\"\n";
			showEnvVarsInLog = 0;
		};
		E9973C8DF411BA369B277400 /* [CP] Copy Pods Resources */ = {
			isa = PBXShellScriptBuildPhase;
			buildActionMask = 2147483647;
			files = (
			);
			inputPaths = (
			);
			name = "[CP] Copy Pods Resources";
			outputPaths = (
			);
			runOnlyForDeploymentPostprocessing = 0;
			shellPath = /bin/sh;
			shellScript = "\"${SRCROOT}/Pods/Target Support Files/Pods-PlayolaCoreOSX/Pods-PlayolaCoreOSX-resources.sh\"\n";
			showEnvVarsInLog = 0;
		};
/* End PBXShellScriptBuildPhase section */

/* Begin PBXSourcesBuildPhase section */
		4B361B7D1F44663D00654968 /* Sources */ = {
			isa = PBXSourcesBuildPhase;
			buildActionMask = 2147483647;
			files = (
				4BC1C31D1F4A44C700B7415C /* PlayolaStationPlayerEvents.swift in Sources */,
				4BC1C3021F48E62A00B7415C /* PAPEvents.swift in Sources */,
				4B1F658E1F5202F2003CC78A /* PlayolaModelRefreshHandler.swift in Sources */,
				4BE0071C1F4769AA0010C420 /* AuthErrorType.swift in Sources */,
				4B9359341F48D3130038C327 /* PAPSpin.swift in Sources */,
				4B361C3B1F44BCC800654968 /* DateHandlerService.swift in Sources */,
				4B361C5D1F44C86300654968 /* RotationItemsCollection.swift in Sources */,
				4B1F659A1F520AA1003CC78A /* MiscHelpers.swift in Sources */,
				4B361C0F1F44B54E00654968 /* SpinModel.swift in Sources */,
				4B361C251F44B6B800654968 /* AudioBlockModel.swift in Sources */,
				4BC0B9C61F55E5A200C0AED3 /* PlayolaProgramAutoAdvancer.swift in Sources */,
				4B361BF41F44AF1700654968 /* PlayolaAPI.swift in Sources */,
				4BE0070E1F4756450010C420 /* AuthError.swift in Sources */,
				4B93592F1F48D26B0038C327 /* PlayolaAudioPlayer.swift in Sources */,
				4B361C341F44BAA300654968 /* DateExtensions.swift in Sources */,
				4B361C6A1F44C97B00654968 /* RotationItem.swift in Sources */,
				4B361C0A1F44B51800654968 /* ProgramModel.swift in Sources */,
				4B1F659F1F521022003CC78A /* PlayolaProgramRefresher.swift in Sources */,
				4BC1C30C1F4A1D7000B7415C /* PlayolaStationPlayer.swift in Sources */,
				4B361BFD1F44B2C200654968 /* UserModel.swift in Sources */,
				4BED3C191F4F1E72008DD9BD /* PlayolaCurrentUserInfoService.swift in Sources */,
				4BED3C131F4E2675008DD9BD /* CommercialBlockProvider.swift in Sources */,
				4B361C401F44BD1C00654968 /* Constants.swift in Sources */,
			);
			runOnlyForDeploymentPostprocessing = 0;
		};
		4B361B861F44663D00654968 /* Sources */ = {
			isa = PBXSourcesBuildPhase;
			buildActionMask = 2147483647;
			files = (
				4B361C3C1F44BCC800654968 /* DateHandlerService.swift in Sources */,
				4B1F65A41F52104C003CC78A /* PlayolaProgramRefresherTests.swift in Sources */,
				4B9359351F48D3130038C327 /* PAPSpin.swift in Sources */,
				4B1F658B1F508203003CC78A /* CommercialBlockProviderTests.swift in Sources */,
				4B1F65881F4F5829003CC78A /* PlayolaCurrentUserInfoTests.swift in Sources */,
				4BC1C31E1F4A44C700B7415C /* PlayolaStationPlayerEvents.swift in Sources */,
				4BC0B9CB1F55E5D100C0AED3 /* PlayolaProgramAutoAdvancerTests.swift in Sources */,
				4BC1C3141F4A2ADA00B7415C /* PlayolaAudioPlayerMock.swift in Sources */,
				4B93593A1F48D4750038C327 /* PlayolaAudioPlayerTests.swift in Sources */,
				4B361C411F44BD1C00654968 /* Constants.swift in Sources */,
				4BE0071A1F4769680010C420 /* AuthErrorType.swift in Sources */,
				4B361C681F44C91E00654968 /* RotationItem.swift in Sources */,
				4B361C6E1F44D58400654968 /* DataMocker.swift in Sources */,
				4BED3C1A1F4F1E72008DD9BD /* PlayolaCurrentUserInfoService.swift in Sources */,
				4B93589B1F488D0F0038C327 /* DateHandlerMock.swift in Sources */,
				4B361C5E1F44C86300654968 /* RotationItemsCollection.swift in Sources */,
				4BC1C30D1F4A1D7000B7415C /* PlayolaStationPlayer.swift in Sources */,
				4BE0070F1F4756460010C420 /* AuthError.swift in Sources */,
				4B361C071F44B48100654968 /* PlayolaAPITests.swift in Sources */,
				4B361C651F44C8D600654968 /* RotationItemsCollectionTests.swift in Sources */,
				4B1F65941F52031B003CC78A /* PlayolaModelRefreshHandlerTests.swift in Sources */,
				4B1F659B1F520AA1003CC78A /* MiscHelpers.swift in Sources */,
				4B1F65A01F521022003CC78A /* PlayolaProgramRefresher.swift in Sources */,
				4B361C301F44B91E00654968 /* AudioBlockModelTests.swift in Sources */,
				4BED3C141F4E2675008DD9BD /* CommercialBlockProvider.swift in Sources */,
				4BC0B9C71F55E5A200C0AED3 /* PlayolaProgramAutoAdvancer.swift in Sources */,
				4B361C561F44C72900654968 /* UserListModel.swift in Sources */,
				4B361BFF1F44B2DA00654968 /* UserModel.swift in Sources */,
				4BC1C3081F48F4A000B7415C /* UserListModelTests.swift in Sources */,
				4B361C261F44B6B900654968 /* AudioBlockModel.swift in Sources */,
				4BC1C3111F4A214300B7415C /* PlayolaStationPlayerTests.swift in Sources */,
				4B361C041F44B44A00654968 /* UserModelTests.swift in Sources */,
				4B361C0B1F44B51800654968 /* ProgramModel.swift in Sources */,
				4BC1C31A1F4A35F500B7415C /* PAPSpinMock.swift in Sources */,
				4B361C231F44B69C00654968 /* SpinModelTests.swift in Sources */,
				4B361C101F44B54E00654968 /* SpinModel.swift in Sources */,
				4BE007141F4757E40010C420 /* AuthErrorTests.swift in Sources */,
				4B1F658F1F5202F2003CC78A /* PlayolaModelRefreshHandler.swift in Sources */,
				4B9359301F48D26B0038C327 /* PlayolaAudioPlayer.swift in Sources */,
				4BC1C3031F48E62A00B7415C /* PAPEvents.swift in Sources */,
				4B361C351F44BAA600654968 /* DateExtensions.swift in Sources */,
				4B361C211F44B69C00654968 /* ProgramModelTests.swift in Sources */,
				4B361BF51F44AF1700654968 /* PlayolaAPI.swift in Sources */,
				4B1F65971F5203D2003CC78A /* PlayolaAPIMock.swift in Sources */,
			);
			runOnlyForDeploymentPostprocessing = 0;
		};
		4B361B991F44664B00654968 /* Sources */ = {
			isa = PBXSourcesBuildPhase;
			buildActionMask = 2147483647;
			files = (
				4BC1C31F1F4A44C700B7415C /* PlayolaStationPlayerEvents.swift in Sources */,
				4BC1C3041F48E62A00B7415C /* PAPEvents.swift in Sources */,
				4B1F65901F5202F2003CC78A /* PlayolaModelRefreshHandler.swift in Sources */,
				4BE0071D1F4769AB0010C420 /* AuthErrorType.swift in Sources */,
				4B9359361F48D3130038C327 /* PAPSpin.swift in Sources */,
				4B361C3D1F44BCC800654968 /* DateHandlerService.swift in Sources */,
				4B361C5F1F44C86300654968 /* RotationItemsCollection.swift in Sources */,
				4B1F659C1F520AA1003CC78A /* MiscHelpers.swift in Sources */,
				4B361C111F44B54E00654968 /* SpinModel.swift in Sources */,
				4B361C271F44B6BA00654968 /* AudioBlockModel.swift in Sources */,
				4BC0B9C81F55E5A200C0AED3 /* PlayolaProgramAutoAdvancer.swift in Sources */,
				4B361BFE1F44B2DA00654968 /* UserModel.swift in Sources */,
				4BE007101F4756460010C420 /* AuthError.swift in Sources */,
				4B9359311F48D26B0038C327 /* PlayolaAudioPlayer.swift in Sources */,
				4B361C361F44BAA600654968 /* DateExtensions.swift in Sources */,
				4B361C6B1F44C97B00654968 /* RotationItem.swift in Sources */,
				4B361C0C1F44B51800654968 /* ProgramModel.swift in Sources */,
				4B1F65A11F521022003CC78A /* PlayolaProgramRefresher.swift in Sources */,
				4BC1C30E1F4A1D7000B7415C /* PlayolaStationPlayer.swift in Sources */,
				4B361BF61F44AF1700654968 /* PlayolaAPI.swift in Sources */,
				4BED3C1B1F4F1E72008DD9BD /* PlayolaCurrentUserInfoService.swift in Sources */,
				4BED3C151F4E2675008DD9BD /* CommercialBlockProvider.swift in Sources */,
				4B361C421F44BD1C00654968 /* Constants.swift in Sources */,
			);
			runOnlyForDeploymentPostprocessing = 0;
		};
		4B361BA21F44664B00654968 /* Sources */ = {
			isa = PBXSourcesBuildPhase;
			buildActionMask = 2147483647;
			files = (
				4B361C3E1F44BCC800654968 /* DateHandlerService.swift in Sources */,
				4B1F65A51F52104C003CC78A /* PlayolaProgramRefresherTests.swift in Sources */,
				4B9359371F48D3130038C327 /* PAPSpin.swift in Sources */,
				4B1F658C1F508203003CC78A /* CommercialBlockProviderTests.swift in Sources */,
				4B1F65891F4F5829003CC78A /* PlayolaCurrentUserInfoTests.swift in Sources */,
				4BC1C3201F4A44C700B7415C /* PlayolaStationPlayerEvents.swift in Sources */,
				4BC0B9CC1F55E5D100C0AED3 /* PlayolaProgramAutoAdvancerTests.swift in Sources */,
				4BC1C3151F4A2ADA00B7415C /* PlayolaAudioPlayerMock.swift in Sources */,
				4B93593B1F48D4750038C327 /* PlayolaAudioPlayerTests.swift in Sources */,
				4B361C431F44BD1C00654968 /* Constants.swift in Sources */,
				4BE0071B1F4769680010C420 /* AuthErrorType.swift in Sources */,
				4B361C691F44C91E00654968 /* RotationItem.swift in Sources */,
				4B361C6F1F44D58400654968 /* DataMocker.swift in Sources */,
				4BED3C1C1F4F1E72008DD9BD /* PlayolaCurrentUserInfoService.swift in Sources */,
				4B93589C1F488D0F0038C327 /* DateHandlerMock.swift in Sources */,
				4B361C601F44C86300654968 /* RotationItemsCollection.swift in Sources */,
				4BC1C30F1F4A1D7000B7415C /* PlayolaStationPlayer.swift in Sources */,
				4BE007111F4756470010C420 /* AuthError.swift in Sources */,
				4B361C081F44B48200654968 /* PlayolaAPITests.swift in Sources */,
				4B361C661F44C8D600654968 /* RotationItemsCollectionTests.swift in Sources */,
				4B1F65951F52031B003CC78A /* PlayolaModelRefreshHandlerTests.swift in Sources */,
				4B1F659D1F520AA1003CC78A /* MiscHelpers.swift in Sources */,
				4B1F65A21F521022003CC78A /* PlayolaProgramRefresher.swift in Sources */,
				4B361C311F44B91E00654968 /* AudioBlockModelTests.swift in Sources */,
				4BED3C161F4E2675008DD9BD /* CommercialBlockProvider.swift in Sources */,
				4BC0B9C91F55E5A200C0AED3 /* PlayolaProgramAutoAdvancer.swift in Sources */,
				4B361C581F44C72900654968 /* UserListModel.swift in Sources */,
				4B361C001F44B2DB00654968 /* UserModel.swift in Sources */,
				4BC1C30A1F48F4A000B7415C /* UserListModelTests.swift in Sources */,
				4B361C281F44B6BB00654968 /* AudioBlockModel.swift in Sources */,
				4BC1C3121F4A214300B7415C /* PlayolaStationPlayerTests.swift in Sources */,
				4B361C061F44B44A00654968 /* UserModelTests.swift in Sources */,
				4B361C0D1F44B51800654968 /* ProgramModel.swift in Sources */,
				4BC1C31B1F4A35F500B7415C /* PAPSpinMock.swift in Sources */,
				4B361C241F44B69C00654968 /* SpinModelTests.swift in Sources */,
				4B361C121F44B54E00654968 /* SpinModel.swift in Sources */,
				4BE007151F4757E40010C420 /* AuthErrorTests.swift in Sources */,
				4B1F65911F5202F2003CC78A /* PlayolaModelRefreshHandler.swift in Sources */,
				4B9359321F48D26B0038C327 /* PlayolaAudioPlayer.swift in Sources */,
				4BC1C3051F48E62A00B7415C /* PAPEvents.swift in Sources */,
				4B361C371F44BAA700654968 /* DateExtensions.swift in Sources */,
				4B361C221F44B69C00654968 /* ProgramModelTests.swift in Sources */,
				4B361BF71F44AF1700654968 /* PlayolaAPI.swift in Sources */,
				4B1F65981F5203D2003CC78A /* PlayolaAPIMock.swift in Sources */,
			);
			runOnlyForDeploymentPostprocessing = 0;
		};
/* End PBXSourcesBuildPhase section */

/* Begin PBXTargetDependency section */
		4B361B8D1F44663D00654968 /* PBXTargetDependency */ = {
			isa = PBXTargetDependency;
			target = 4B361B811F44663D00654968 /* PlayolaCoreIOS */;
			targetProxy = 4B361B8C1F44663D00654968 /* PBXContainerItemProxy */;
		};
		4B361BA91F44664B00654968 /* PBXTargetDependency */ = {
			isa = PBXTargetDependency;
			target = 4B361B9D1F44664B00654968 /* PlayolaCoreOSX */;
			targetProxy = 4B361BA81F44664B00654968 /* PBXContainerItemProxy */;
		};
/* End PBXTargetDependency section */

/* Begin XCBuildConfiguration section */
		4B361B751F44661A00654968 /* Debug */ = {
			isa = XCBuildConfiguration;
			buildSettings = {
				ALWAYS_SEARCH_USER_PATHS = NO;
				CLANG_ANALYZER_NONNULL = YES;
				CLANG_ANALYZER_NUMBER_OBJECT_CONVERSION = YES_AGGRESSIVE;
				CLANG_CXX_LANGUAGE_STANDARD = "gnu++0x";
				CLANG_CXX_LIBRARY = "libc++";
				CLANG_ENABLE_MODULES = YES;
				CLANG_ENABLE_OBJC_ARC = YES;
				CLANG_WARN_BOOL_CONVERSION = YES;
				CLANG_WARN_CONSTANT_CONVERSION = YES;
				CLANG_WARN_DIRECT_OBJC_ISA_USAGE = YES_ERROR;
				CLANG_WARN_DOCUMENTATION_COMMENTS = YES;
				CLANG_WARN_EMPTY_BODY = YES;
				CLANG_WARN_ENUM_CONVERSION = YES;
				CLANG_WARN_INFINITE_RECURSION = YES;
				CLANG_WARN_INT_CONVERSION = YES;
				CLANG_WARN_OBJC_ROOT_CLASS = YES_ERROR;
				CLANG_WARN_SUSPICIOUS_MOVE = YES;
				CLANG_WARN_UNREACHABLE_CODE = YES;
				CLANG_WARN__DUPLICATE_METHOD_MATCH = YES;
				"CODE_SIGN_IDENTITY[sdk=iphoneos*]" = "iPhone Developer";
				COPY_PHASE_STRIP = NO;
				CURRENT_PROJECT_VERSION = 1;
				DEBUG_INFORMATION_FORMAT = dwarf;
				ENABLE_STRICT_OBJC_MSGSEND = YES;
				ENABLE_TESTABILITY = YES;
				GCC_C_LANGUAGE_STANDARD = gnu99;
				GCC_DYNAMIC_NO_PIC = NO;
				GCC_NO_COMMON_BLOCKS = YES;
				GCC_OPTIMIZATION_LEVEL = 0;
				GCC_PREPROCESSOR_DEFINITIONS = (
					"DEBUG=1",
					"$(inherited)",
				);
				GCC_WARN_64_TO_32_BIT_CONVERSION = YES;
				GCC_WARN_ABOUT_RETURN_TYPE = YES_ERROR;
				GCC_WARN_UNDECLARED_SELECTOR = YES;
				GCC_WARN_UNINITIALIZED_AUTOS = YES_AGGRESSIVE;
				GCC_WARN_UNUSED_FUNCTION = YES;
				GCC_WARN_UNUSED_VARIABLE = YES;
				IPHONEOS_DEPLOYMENT_TARGET = 10.3;
				MTL_ENABLE_DEBUG_INFO = YES;
				ONLY_ACTIVE_ARCH = YES;
				SDKROOT = iphoneos;
				SWIFT_ACTIVE_COMPILATION_CONDITIONS = DEBUG;
				SWIFT_OPTIMIZATION_LEVEL = "-Onone";
				TARGETED_DEVICE_FAMILY = "1,2";
				VERSIONING_SYSTEM = "apple-generic";
				VERSION_INFO_PREFIX = "";
			};
			name = Debug;
		};
		4B361B761F44661A00654968 /* Release */ = {
			isa = XCBuildConfiguration;
			buildSettings = {
				ALWAYS_SEARCH_USER_PATHS = NO;
				CLANG_ANALYZER_NONNULL = YES;
				CLANG_ANALYZER_NUMBER_OBJECT_CONVERSION = YES_AGGRESSIVE;
				CLANG_CXX_LANGUAGE_STANDARD = "gnu++0x";
				CLANG_CXX_LIBRARY = "libc++";
				CLANG_ENABLE_MODULES = YES;
				CLANG_ENABLE_OBJC_ARC = YES;
				CLANG_WARN_BOOL_CONVERSION = YES;
				CLANG_WARN_CONSTANT_CONVERSION = YES;
				CLANG_WARN_DIRECT_OBJC_ISA_USAGE = YES_ERROR;
				CLANG_WARN_DOCUMENTATION_COMMENTS = YES;
				CLANG_WARN_EMPTY_BODY = YES;
				CLANG_WARN_ENUM_CONVERSION = YES;
				CLANG_WARN_INFINITE_RECURSION = YES;
				CLANG_WARN_INT_CONVERSION = YES;
				CLANG_WARN_OBJC_ROOT_CLASS = YES_ERROR;
				CLANG_WARN_SUSPICIOUS_MOVE = YES;
				CLANG_WARN_UNREACHABLE_CODE = YES;
				CLANG_WARN__DUPLICATE_METHOD_MATCH = YES;
				"CODE_SIGN_IDENTITY[sdk=iphoneos*]" = "iPhone Developer";
				COPY_PHASE_STRIP = NO;
				CURRENT_PROJECT_VERSION = 1;
				DEBUG_INFORMATION_FORMAT = "dwarf-with-dsym";
				ENABLE_NS_ASSERTIONS = NO;
				ENABLE_STRICT_OBJC_MSGSEND = YES;
				GCC_C_LANGUAGE_STANDARD = gnu99;
				GCC_NO_COMMON_BLOCKS = YES;
				GCC_WARN_64_TO_32_BIT_CONVERSION = YES;
				GCC_WARN_ABOUT_RETURN_TYPE = YES_ERROR;
				GCC_WARN_UNDECLARED_SELECTOR = YES;
				GCC_WARN_UNINITIALIZED_AUTOS = YES_AGGRESSIVE;
				GCC_WARN_UNUSED_FUNCTION = YES;
				GCC_WARN_UNUSED_VARIABLE = YES;
				IPHONEOS_DEPLOYMENT_TARGET = 10.3;
				MTL_ENABLE_DEBUG_INFO = NO;
				SDKROOT = iphoneos;
				SWIFT_OPTIMIZATION_LEVEL = "-Owholemodule";
				TARGETED_DEVICE_FAMILY = "1,2";
				VALIDATE_PRODUCT = YES;
				VERSIONING_SYSTEM = "apple-generic";
				VERSION_INFO_PREFIX = "";
			};
			name = Release;
		};
		4B361B941F44663D00654968 /* Debug */ = {
			isa = XCBuildConfiguration;
			baseConfigurationReference = BB8D2BD2B70914F0D783C26E /* Pods-PlayolaCoreIOS.debug.xcconfig */;
			buildSettings = {
				CLANG_ENABLE_MODULES = YES;
				CODE_SIGN_IDENTITY = "";
				DEFINES_MODULE = YES;
				DEVELOPMENT_TEAM = FSRSPV9N9Q;
				DYLIB_COMPATIBILITY_VERSION = 1;
				DYLIB_CURRENT_VERSION = 1;
				DYLIB_INSTALL_NAME_BASE = "@rpath";
				INFOPLIST_FILE = PlayolaCoreIOS/Info.plist;
				INSTALL_PATH = "$(LOCAL_LIBRARY_DIR)/Frameworks";
				IPHONEOS_DEPLOYMENT_TARGET = 10.3;
				LD_RUNPATH_SEARCH_PATHS = "$(inherited) @executable_path/Frameworks @loader_path/Frameworks";
				PRODUCT_BUNDLE_IDENTIFIER = fm.playola.PlayolaCoreIOS;
				PRODUCT_NAME = "$(TARGET_NAME)";
				SKIP_INSTALL = YES;
				SWIFT_OPTIMIZATION_LEVEL = "-Onone";
				SWIFT_VERSION = 3.0;
			};
			name = Debug;
		};
		4B361B951F44663D00654968 /* Release */ = {
			isa = XCBuildConfiguration;
			baseConfigurationReference = A5206BFFDE0117D4350994FD /* Pods-PlayolaCoreIOS.release.xcconfig */;
			buildSettings = {
				CLANG_ENABLE_MODULES = YES;
				CODE_SIGN_IDENTITY = "";
				DEFINES_MODULE = YES;
				DEVELOPMENT_TEAM = FSRSPV9N9Q;
				DYLIB_COMPATIBILITY_VERSION = 1;
				DYLIB_CURRENT_VERSION = 1;
				DYLIB_INSTALL_NAME_BASE = "@rpath";
				INFOPLIST_FILE = PlayolaCoreIOS/Info.plist;
				INSTALL_PATH = "$(LOCAL_LIBRARY_DIR)/Frameworks";
				IPHONEOS_DEPLOYMENT_TARGET = 10.3;
				LD_RUNPATH_SEARCH_PATHS = "$(inherited) @executable_path/Frameworks @loader_path/Frameworks";
				PRODUCT_BUNDLE_IDENTIFIER = fm.playola.PlayolaCoreIOS;
				PRODUCT_NAME = "$(TARGET_NAME)";
				SKIP_INSTALL = YES;
				SWIFT_VERSION = 3.0;
			};
			name = Release;
		};
		4B361B971F44663D00654968 /* Debug */ = {
			isa = XCBuildConfiguration;
			baseConfigurationReference = 43C55B6D58D87270D3D701C2 /* Pods-PlayolaCoreIOSTests.debug.xcconfig */;
			buildSettings = {
				ALWAYS_EMBED_SWIFT_STANDARD_LIBRARIES = YES;
				DEVELOPMENT_TEAM = FSRSPV9N9Q;
				INFOPLIST_FILE = PlayolaCoreIOSTests/Info.plist;
				LD_RUNPATH_SEARCH_PATHS = "$(inherited) @executable_path/Frameworks @loader_path/Frameworks";
				PRODUCT_BUNDLE_IDENTIFIER = fm.playola.PlayolaCoreIOSTests;
				PRODUCT_NAME = "$(TARGET_NAME)";
				SWIFT_VERSION = 3.0;
			};
			name = Debug;
		};
		4B361B981F44663D00654968 /* Release */ = {
			isa = XCBuildConfiguration;
			baseConfigurationReference = 012DB980C9EC63C62555145D /* Pods-PlayolaCoreIOSTests.release.xcconfig */;
			buildSettings = {
				ALWAYS_EMBED_SWIFT_STANDARD_LIBRARIES = YES;
				DEVELOPMENT_TEAM = FSRSPV9N9Q;
				INFOPLIST_FILE = PlayolaCoreIOSTests/Info.plist;
				LD_RUNPATH_SEARCH_PATHS = "$(inherited) @executable_path/Frameworks @loader_path/Frameworks";
				PRODUCT_BUNDLE_IDENTIFIER = fm.playola.PlayolaCoreIOSTests;
				PRODUCT_NAME = "$(TARGET_NAME)";
				SWIFT_VERSION = 3.0;
			};
			name = Release;
		};
		4B361BB01F44664B00654968 /* Debug */ = {
			isa = XCBuildConfiguration;
			baseConfigurationReference = 79A14DE083431C03EBB42D3C /* Pods-PlayolaCoreOSX.debug.xcconfig */;
			buildSettings = {
				CLANG_ENABLE_MODULES = YES;
				CODE_SIGN_IDENTITY = "-";
				COMBINE_HIDPI_IMAGES = YES;
				DEFINES_MODULE = YES;
				DEVELOPMENT_TEAM = FSRSPV9N9Q;
				DYLIB_COMPATIBILITY_VERSION = 1;
				DYLIB_CURRENT_VERSION = 1;
				DYLIB_INSTALL_NAME_BASE = "@rpath";
				FRAMEWORK_VERSION = A;
				INFOPLIST_FILE = PlayolaCoreOSX/Info.plist;
				INSTALL_PATH = "$(LOCAL_LIBRARY_DIR)/Frameworks";
				LD_RUNPATH_SEARCH_PATHS = "$(inherited) @executable_path/../Frameworks @loader_path/Frameworks";
				MACOSX_DEPLOYMENT_TARGET = 10.12;
				PRODUCT_BUNDLE_IDENTIFIER = fm.playola.PlayolaCoreOSX;
				PRODUCT_NAME = "$(TARGET_NAME)";
				SDKROOT = macosx;
				SKIP_INSTALL = YES;
				SWIFT_OPTIMIZATION_LEVEL = "-Onone";
				SWIFT_VERSION = 3.0;
			};
			name = Debug;
		};
		4B361BB11F44664B00654968 /* Release */ = {
			isa = XCBuildConfiguration;
			baseConfigurationReference = 2E52893CA0026F9699BE7FE6 /* Pods-PlayolaCoreOSX.release.xcconfig */;
			buildSettings = {
				CLANG_ENABLE_MODULES = YES;
				CODE_SIGN_IDENTITY = "-";
				COMBINE_HIDPI_IMAGES = YES;
				DEFINES_MODULE = YES;
				DEVELOPMENT_TEAM = FSRSPV9N9Q;
				DYLIB_COMPATIBILITY_VERSION = 1;
				DYLIB_CURRENT_VERSION = 1;
				DYLIB_INSTALL_NAME_BASE = "@rpath";
				FRAMEWORK_VERSION = A;
				INFOPLIST_FILE = PlayolaCoreOSX/Info.plist;
				INSTALL_PATH = "$(LOCAL_LIBRARY_DIR)/Frameworks";
				LD_RUNPATH_SEARCH_PATHS = "$(inherited) @executable_path/../Frameworks @loader_path/Frameworks";
				MACOSX_DEPLOYMENT_TARGET = 10.12;
				PRODUCT_BUNDLE_IDENTIFIER = fm.playola.PlayolaCoreOSX;
				PRODUCT_NAME = "$(TARGET_NAME)";
				SDKROOT = macosx;
				SKIP_INSTALL = YES;
				SWIFT_VERSION = 3.0;
			};
			name = Release;
		};
		4B361BB31F44664B00654968 /* Debug */ = {
			isa = XCBuildConfiguration;
			baseConfigurationReference = 2AA22055B54A89F6B44E4BA2 /* Pods-PlayolaCoreOSXTests.debug.xcconfig */;
			buildSettings = {
				ALWAYS_EMBED_SWIFT_STANDARD_LIBRARIES = YES;
				CODE_SIGN_IDENTITY = "-";
				COMBINE_HIDPI_IMAGES = YES;
				DEVELOPMENT_TEAM = FSRSPV9N9Q;
				INFOPLIST_FILE = PlayolaCoreOSXTests/Info.plist;
				LD_RUNPATH_SEARCH_PATHS = "$(inherited) @executable_path/../Frameworks @loader_path/../Frameworks";
				MACOSX_DEPLOYMENT_TARGET = 10.12;
				PRODUCT_BUNDLE_IDENTIFIER = fm.playola.PlayolaCoreOSXTests;
				PRODUCT_NAME = "$(TARGET_NAME)";
				SDKROOT = macosx;
				SWIFT_VERSION = 3.0;
			};
			name = Debug;
		};
		4B361BB41F44664B00654968 /* Release */ = {
			isa = XCBuildConfiguration;
			baseConfigurationReference = D907DE16E56F2E4F4D68C322 /* Pods-PlayolaCoreOSXTests.release.xcconfig */;
			buildSettings = {
				ALWAYS_EMBED_SWIFT_STANDARD_LIBRARIES = YES;
				CODE_SIGN_IDENTITY = "-";
				COMBINE_HIDPI_IMAGES = YES;
				DEVELOPMENT_TEAM = FSRSPV9N9Q;
				INFOPLIST_FILE = PlayolaCoreOSXTests/Info.plist;
				LD_RUNPATH_SEARCH_PATHS = "$(inherited) @executable_path/../Frameworks @loader_path/../Frameworks";
				MACOSX_DEPLOYMENT_TARGET = 10.12;
				PRODUCT_BUNDLE_IDENTIFIER = fm.playola.PlayolaCoreOSXTests;
				PRODUCT_NAME = "$(TARGET_NAME)";
				SDKROOT = macosx;
				SWIFT_VERSION = 3.0;
			};
			name = Release;
		};
/* End XCBuildConfiguration section */

/* Begin XCConfigurationList section */
		4B361B5D1F44661A00654968 /* Build configuration list for PBXProject "PlayolaCore" */ = {
			isa = XCConfigurationList;
			buildConfigurations = (
				4B361B751F44661A00654968 /* Debug */,
				4B361B761F44661A00654968 /* Release */,
			);
			defaultConfigurationIsVisible = 0;
			defaultConfigurationName = Release;
		};
		4B361B931F44663D00654968 /* Build configuration list for PBXNativeTarget "PlayolaCoreIOS" */ = {
			isa = XCConfigurationList;
			buildConfigurations = (
				4B361B941F44663D00654968 /* Debug */,
				4B361B951F44663D00654968 /* Release */,
			);
			defaultConfigurationIsVisible = 0;
			defaultConfigurationName = Release;
		};
		4B361B961F44663D00654968 /* Build configuration list for PBXNativeTarget "PlayolaCoreIOSTests" */ = {
			isa = XCConfigurationList;
			buildConfigurations = (
				4B361B971F44663D00654968 /* Debug */,
				4B361B981F44663D00654968 /* Release */,
			);
			defaultConfigurationIsVisible = 0;
			defaultConfigurationName = Release;
		};
		4B361BAF1F44664B00654968 /* Build configuration list for PBXNativeTarget "PlayolaCoreOSX" */ = {
			isa = XCConfigurationList;
			buildConfigurations = (
				4B361BB01F44664B00654968 /* Debug */,
				4B361BB11F44664B00654968 /* Release */,
			);
			defaultConfigurationIsVisible = 0;
			defaultConfigurationName = Release;
		};
		4B361BB21F44664B00654968 /* Build configuration list for PBXNativeTarget "PlayolaCoreOSXTests" */ = {
			isa = XCConfigurationList;
			buildConfigurations = (
				4B361BB31F44664B00654968 /* Debug */,
				4B361BB41F44664B00654968 /* Release */,
			);
			defaultConfigurationIsVisible = 0;
			defaultConfigurationName = Release;
		};
/* End XCConfigurationList section */
	};
	rootObject = 4B361B5A1F44661A00654968 /* Project object */;
}
